<?xml version="1.0" encoding="utf-8"?>
<Project ToolsVersion="4.0" xmlns="http://schemas.microsoft.com/developer/msbuild/2003">
  <ItemGroup>
    <Filter Include="Header Files">
      <UniqueIdentifier>{93995380-89BD-4b04-88EB-625FBE52EBFB}</UniqueIdentifier>
      <Extensions>h;hpp;hxx;hm;inl;inc;xsd</Extensions>
    </Filter>
    <Filter Include="Source Files">
      <UniqueIdentifier>{4FC737F1-C7A5-4376-A066-2A32D752A2FF}</UniqueIdentifier>
      <Extensions>cpp;c;cc;cxx;def;odl;idl;hpj;bat;asm;asmx</Extensions>
    </Filter>
    <Filter Include="Header Files\util">
      <UniqueIdentifier>{09524e05-8107-4f0a-b5f7-c473b2106d8d}</UniqueIdentifier>
    </Filter>
    <Filter Include="Source Files\util">
      <UniqueIdentifier>{fc956664-a3a9-45df-92e4-c5631ac60774}</UniqueIdentifier>
    </Filter>
    <Filter Include="Header Files\foundation">
      <UniqueIdentifier>{25bab0b8-78df-496b-8a22-f7a86c416aa2}</UniqueIdentifier>
    </Filter>
    <Filter Include="Source Files\foundation">
      <UniqueIdentifier>{00d9dcec-fec5-4be2-a18f-c5f9362b916a}</UniqueIdentifier>
    </Filter>
    <Filter Include="Header Files\foundation\base_mesh">
      <UniqueIdentifier>{ba3e4b95-bce6-4dc2-bf42-b654127bf689}</UniqueIdentifier>
    </Filter>
    <Filter Include="Source Files\foundation\base_mesh">
      <UniqueIdentifier>{8328183f-1fbb-4af5-b8f0-43910a7b4bb2}</UniqueIdentifier>
    </Filter>
    <Filter Include="Header Files\geometry">
      <UniqueIdentifier>{afa0f642-9c74-4cd2-8b23-ee88d771792b}</UniqueIdentifier>
    </Filter>
    <Filter Include="Source Files\geometry">
      <UniqueIdentifier>{3b03ffb2-b0f2-4738-8adb-b4e0ebd0d74e}</UniqueIdentifier>
    </Filter>
  </ItemGroup>
  <ItemGroup>
    <ClInclude Include="..\kernel\base_header.hpp">
      <Filter>Header Files</Filter>
    </ClInclude>
    <ClInclude Include="..\kernel\util\abort.hpp">
      <Filter>Header Files\util</Filter>
    </ClInclude>
    <ClInclude Include="..\kernel\util\assertion.hpp">
      <Filter>Header Files\util</Filter>
    </ClInclude>
    <ClInclude Include="..\kernel\util\compiler_gnu.hpp">
      <Filter>Header Files\util</Filter>
    </ClInclude>
    <ClInclude Include="..\kernel\util\compiler_intel.hpp">
      <Filter>Header Files\util</Filter>
    </ClInclude>
    <ClInclude Include="..\kernel\util\compiler_microsoft.hpp">
      <Filter>Header Files\util</Filter>
    </ClInclude>
    <ClInclude Include="..\kernel\util\compiler_open64.hpp">
      <Filter>Header Files\util</Filter>
    </ClInclude>
    <ClInclude Include="..\kernel\util\compiler_oracle.hpp">
      <Filter>Header Files\util</Filter>
    </ClInclude>
    <ClInclude Include="..\kernel\util\compiler_pgi.hpp">
      <Filter>Header Files\util</Filter>
    </ClInclude>
    <ClInclude Include="..\kernel\util\exception.hpp">
      <Filter>Header Files\util</Filter>
    </ClInclude>
    <ClInclude Include="..\kernel\util\file_reader_ascii.hpp">
      <Filter>Header Files\util</Filter>
    </ClInclude>
    <ClInclude Include="..\kernel\util\inheritance.hpp">
      <Filter>Header Files\util</Filter>
    </ClInclude>
    <ClInclude Include="..\kernel\util\instantiation_policy.hpp">
      <Filter>Header Files\util</Filter>
    </ClInclude>
    <ClInclude Include="..\kernel\util\mpi_utils.hpp">
      <Filter>Header Files\util</Filter>
    </ClInclude>
    <ClInclude Include="..\kernel\util\prefix.hpp">
      <Filter>Header Files\util</Filter>
    </ClInclude>
    <ClInclude Include="..\kernel\util\pretty_printer.hpp">
      <Filter>Header Files\util</Filter>
    </ClInclude>
    <ClInclude Include="..\kernel\util\type_traits.hpp">
      <Filter>Header Files\util</Filter>
    </ClInclude>
    <ClInclude Include="..\kernel\util\string.hpp">
      <Filter>Header Files\util</Filter>
    </ClInclude>
    <ClInclude Include="feast_config.hpp" />
    <ClInclude Include="..\kernel\util\graph.hpp">
      <Filter>Header Files\util</Filter>
    </ClInclude>
    <ClInclude Include="..\kernel\foundation\comm.hpp">
      <Filter>Header Files\foundation</Filter>
    </ClInclude>
    <ClInclude Include="..\kernel\foundation\constants.hpp">
      <Filter>Header Files\foundation</Filter>
    </ClInclude>
    <ClInclude Include="..\kernel\foundation\error_handler.hpp">
      <Filter>Header Files\foundation</Filter>
    </ClInclude>
    <ClInclude Include="..\kernel\foundation\interlevel_group.hpp">
      <Filter>Header Files\foundation</Filter>
    </ClInclude>
    <ClInclude Include="..\kernel\foundation\load_balancer.hpp">
      <Filter>Header Files\foundation</Filter>
    </ClInclude>
    <ClInclude Include="..\kernel\foundation\load_balancer_dedicated.hpp">
      <Filter>Header Files\foundation</Filter>
    </ClInclude>
    <ClInclude Include="..\kernel\foundation\manager.hpp">
      <Filter>Header Files\foundation</Filter>
    </ClInclude>
    <ClInclude Include="..\kernel\foundation\manager_comp.hpp">
      <Filter>Header Files\foundation</Filter>
    </ClInclude>
    <ClInclude Include="..\kernel\foundation\manager_comp_coord.hpp">
      <Filter>Header Files\foundation</Filter>
    </ClInclude>
    <ClInclude Include="..\kernel\foundation\manager_comp_non_coord.hpp">
      <Filter>Header Files\foundation</Filter>
    </ClInclude>
    <ClInclude Include="..\kernel\foundation\master.hpp">
      <Filter>Header Files\foundation</Filter>
    </ClInclude>
    <ClInclude Include="..\kernel\foundation\neighbourhood.hpp">
      <Filter>Header Files\foundation</Filter>
    </ClInclude>
    <ClInclude Include="..\kernel\foundation\process.hpp">
      <Filter>Header Files\foundation</Filter>
    </ClInclude>
    <ClInclude Include="..\kernel\foundation\process_group.hpp">
      <Filter>Header Files\foundation</Filter>
    </ClInclude>
    <ClInclude Include="..\kernel\foundation\service_ids.hpp">
      <Filter>Header Files\foundation</Filter>
    </ClInclude>
    <ClInclude Include="..\kernel\foundation\universe.hpp">
      <Filter>Header Files\foundation</Filter>
    </ClInclude>
    <ClInclude Include="..\kernel\foundation\work_group.hpp">
      <Filter>Header Files\foundation</Filter>
    </ClInclude>
    <ClInclude Include="..\kernel\foundation\work_group_ext.hpp">
      <Filter>Header Files\foundation</Filter>
    </ClInclude>
    <ClInclude Include="..\kernel\foundation\bm.hpp">
      <Filter>Header Files\foundation\base_mesh</Filter>
    </ClInclude>
    <ClInclude Include="..\kernel\foundation\cell.hpp">
      <Filter>Header Files\foundation\base_mesh</Filter>
    </ClInclude>
    <ClInclude Include="..\kernel\foundation\cell_1d_edge.hpp">
      <Filter>Header Files\foundation\base_mesh</Filter>
    </ClInclude>
    <ClInclude Include="..\kernel\foundation\cell_2d_quad.hpp">
      <Filter>Header Files\foundation\base_mesh</Filter>
    </ClInclude>
    <ClInclude Include="..\kernel\foundation\cell_2d_tri.hpp">
      <Filter>Header Files\foundation\base_mesh</Filter>
    </ClInclude>
    <ClInclude Include="..\kernel\foundation\cell_3d_hexa.hpp">
      <Filter>Header Files\foundation\base_mesh</Filter>
    </ClInclude>
    <ClInclude Include="..\kernel\foundation\cell_3d_tetra.hpp">
      <Filter>Header Files\foundation\base_mesh</Filter>
    </ClInclude>
    <ClInclude Include="..\kernel\foundation\cell_data.hpp">
      <Filter>Header Files\foundation\base_mesh</Filter>
    </ClInclude>
    <ClInclude Include="..\kernel\foundation\cell_data_validation.hpp">
      <Filter>Header Files\foundation\base_mesh</Filter>
    </ClInclude>
    <ClInclude Include="..\kernel\foundation\cell_subdivision.hpp">
      <Filter>Header Files\foundation\base_mesh</Filter>
    </ClInclude>
    <ClInclude Include="..\kernel\foundation\file_parser.hpp">
      <Filter>Header Files\foundation\base_mesh</Filter>
    </ClInclude>
    <ClInclude Include="..\kernel\foundation\item.hpp">
      <Filter>Header Files\foundation\base_mesh</Filter>
    </ClInclude>
    <ClInclude Include="..\kernel\foundation\subcells.hpp">
      <Filter>Header Files\foundation\base_mesh</Filter>
    </ClInclude>
    <ClInclude Include="..\kernel\foundation\vertex.hpp">
      <Filter>Header Files\foundation\base_mesh</Filter>
    </ClInclude>
    <ClInclude Include="..\kernel\util\logger.hpp">
      <Filter>Header Files\util</Filter>
    </ClInclude>
    <ClInclude Include="..\kernel\geometry\shape.hpp">
      <Filter>Header Files\geometry</Filter>
    </ClInclude>
    <ClInclude Include="..\kernel\util\factorial.hpp">
      <Filter>Header Files\util</Filter>
    </ClInclude>
    <ClInclude Include="..\kernel\util\file_error.hpp">
      <Filter>Header Files\util</Filter>
    </ClInclude>
    <ClInclude Include="..\kernel\util\adjactor.hpp">
      <Filter>Header Files\util</Filter>
    </ClInclude>
  </ItemGroup>
  <ItemGroup>
    <ClCompile Include="..\kernel\util\exception.cpp">
      <Filter>Source Files\util</Filter>
    </ClCompile>
    <ClCompile Include="..\kernel\foundation\comm.cpp">
      <Filter>Source Files\foundation</Filter>
    </ClCompile>
    <ClCompile Include="..\kernel\foundation\constants.cpp">
      <Filter>Source Files\foundation</Filter>
    </ClCompile>
    <ClCompile Include="..\kernel\foundation\process.cpp">
      <Filter>Source Files\foundation</Filter>
    </ClCompile>
    <ClCompile Include="..\kernel\foundation\cell.cpp">
      <Filter>Source Files\foundation\base_mesh</Filter>
    </ClCompile>
    <ClCompile Include="..\kernel\util\logger.cpp">
      <Filter>Source Files\util</Filter>
    </ClCompile>
  </ItemGroup>
</Project>