<?xml version="1.0" encoding="utf-8"?>
<Project ToolsVersion="4.0" xmlns="http://schemas.microsoft.com/developer/msbuild/2003">
  <ItemGroup>
    <Filter Include="Header Files">
      <UniqueIdentifier>{93995380-89BD-4b04-88EB-625FBE52EBFB}</UniqueIdentifier>
      <Extensions>h;hpp;hxx;hm;inl;inc;xsd</Extensions>
    </Filter>
    <Filter Include="Source Files">
      <UniqueIdentifier>{4FC737F1-C7A5-4376-A066-2A32D752A2FF}</UniqueIdentifier>
      <Extensions>cpp;c;cc;cxx;def;odl;idl;hpj;bat;asm;asmx</Extensions>
    </Filter>
    <Filter Include="Header Files\util">
      <UniqueIdentifier>{09524e05-8107-4f0a-b5f7-c473b2106d8d}</UniqueIdentifier>
    </Filter>
    <Filter Include="Source Files\util">
      <UniqueIdentifier>{fc956664-a3a9-45df-92e4-c5631ac60774}</UniqueIdentifier>
    </Filter>
    <Filter Include="Header Files\foundation">
      <UniqueIdentifier>{25bab0b8-78df-496b-8a22-f7a86c416aa2}</UniqueIdentifier>
    </Filter>
    <Filter Include="Source Files\foundation">
      <UniqueIdentifier>{00d9dcec-fec5-4be2-a18f-c5f9362b916a}</UniqueIdentifier>
    </Filter>
    <Filter Include="Header Files\geometry">
      <UniqueIdentifier>{afa0f642-9c74-4cd2-8b23-ee88d771792b}</UniqueIdentifier>
    </Filter>
    <Filter Include="Header Files\lafem">
      <UniqueIdentifier>{57056c45-eab0-4391-ad11-accbf758f9d2}</UniqueIdentifier>
    </Filter>
    <Filter Include="Source Files\lafem">
      <UniqueIdentifier>{d65d2c66-7cd9-4785-8f88-46c3ca28c73e}</UniqueIdentifier>
    </Filter>
    <Filter Include="Header Files\geometry\intern">
      <UniqueIdentifier>{4298ef81-1db6-4d46-9001-79bf909708b3}</UniqueIdentifier>
    </Filter>
    <Filter Include="Header Files\cubature">
      <UniqueIdentifier>{70738fcd-c235-4236-bf68-6e9b8dd8e7b4}</UniqueIdentifier>
    </Filter>
    <Filter Include="Header Files\cubature\scalar">
      <UniqueIdentifier>{ede68e81-08b1-4807-995e-3ed656810995}</UniqueIdentifier>
    </Filter>
    <Filter Include="Header Files\trafo">
      <UniqueIdentifier>{13b83348-7a23-4d9e-92d3-08397ec96d73}</UniqueIdentifier>
    </Filter>
    <Filter Include="Header Files\space">
      <UniqueIdentifier>{318e4975-1d41-4437-882f-f9b7a142d16e}</UniqueIdentifier>
    </Filter>
    <Filter Include="Header Files\assembly">
      <UniqueIdentifier>{df60bb8b-2287-4ce4-86b3-7f6d79d40499}</UniqueIdentifier>
    </Filter>
    <Filter Include="Header Files\space\lagrange1">
      <UniqueIdentifier>{984e2d06-40de-44f1-aed8-7100e383d835}</UniqueIdentifier>
    </Filter>
    <Filter Include="Header Files\space\rannacher_turek">
      <UniqueIdentifier>{30b37baa-6716-4545-b0ee-188c78b72b3b}</UniqueIdentifier>
    </Filter>
    <Filter Include="Header Files\trafo\standard">
      <UniqueIdentifier>{c45aa492-ab12-4335-8ce3-7d763adae5d1}</UniqueIdentifier>
    </Filter>
    <Filter Include="Header Files\space\discontinuous">
      <UniqueIdentifier>{73e07717-b037-4b7d-b92d-85a356654115}</UniqueIdentifier>
    </Filter>
  </ItemGroup>
  <ItemGroup>
    <ClInclude Include="..\kernel\base_header.hpp">
      <Filter>Header Files</Filter>
    </ClInclude>
    <ClInclude Include="..\kernel\util\assertion.hpp">
      <Filter>Header Files\util</Filter>
    </ClInclude>
    <ClInclude Include="..\kernel\util\compiler_gnu.hpp">
      <Filter>Header Files\util</Filter>
    </ClInclude>
    <ClInclude Include="..\kernel\util\compiler_intel.hpp">
      <Filter>Header Files\util</Filter>
    </ClInclude>
    <ClInclude Include="..\kernel\util\compiler_microsoft.hpp">
      <Filter>Header Files\util</Filter>
    </ClInclude>
    <ClInclude Include="..\kernel\util\compiler_open64.hpp">
      <Filter>Header Files\util</Filter>
    </ClInclude>
    <ClInclude Include="..\kernel\util\compiler_oracle.hpp">
      <Filter>Header Files\util</Filter>
    </ClInclude>
    <ClInclude Include="..\kernel\util\compiler_pgi.hpp">
      <Filter>Header Files\util</Filter>
    </ClInclude>
    <ClInclude Include="..\kernel\util\exception.hpp">
      <Filter>Header Files\util</Filter>
    </ClInclude>
    <ClInclude Include="..\kernel\util\inheritance.hpp">
      <Filter>Header Files\util</Filter>
    </ClInclude>
    <ClInclude Include="..\kernel\util\instantiation_policy.hpp">
      <Filter>Header Files\util</Filter>
    </ClInclude>
    <ClInclude Include="..\kernel\util\prefix.hpp">
      <Filter>Header Files\util</Filter>
    </ClInclude>
    <ClInclude Include="..\kernel\util\pretty_printer.hpp">
      <Filter>Header Files\util</Filter>
    </ClInclude>
    <ClInclude Include="..\kernel\util\type_traits.hpp">
      <Filter>Header Files\util</Filter>
    </ClInclude>
    <ClInclude Include="..\kernel\util\string.hpp">
      <Filter>Header Files\util</Filter>
    </ClInclude>
    <ClInclude Include="feast_config.hpp" />
    <ClInclude Include="..\kernel\util\graph.hpp">
      <Filter>Header Files\util</Filter>
    </ClInclude>
    <ClInclude Include="..\kernel\util\logger.hpp">
      <Filter>Header Files\util</Filter>
    </ClInclude>
    <ClInclude Include="..\kernel\util\factorial.hpp">
      <Filter>Header Files\util</Filter>
    </ClInclude>
    <ClInclude Include="..\kernel\util\file_error.hpp">
      <Filter>Header Files\util</Filter>
    </ClInclude>
    <ClInclude Include="..\kernel\util\adjactor.hpp">
      <Filter>Header Files\util</Filter>
    </ClInclude>
    <ClInclude Include="..\kernel\util\param_section.hpp">
      <Filter>Header Files\util</Filter>
    </ClInclude>
    <ClInclude Include="..\kernel\geometry\conformal_mesh.hpp">
      <Filter>Header Files\geometry</Filter>
    </ClInclude>
    <ClInclude Include="..\kernel\geometry\export_vtk.hpp">
      <Filter>Header Files\geometry</Filter>
    </ClInclude>
    <ClInclude Include="..\kernel\geometry\structured_mesh.hpp">
      <Filter>Header Files\geometry</Filter>
    </ClInclude>
    <ClInclude Include="..\kernel\geometry\target_set.hpp">
      <Filter>Header Files\geometry</Filter>
    </ClInclude>
    <ClInclude Include="..\kernel\geometry\vertex_set.hpp">
      <Filter>Header Files\geometry</Filter>
    </ClInclude>
    <ClInclude Include="..\kernel\geometry\cell_sub_set.hpp">
      <Filter>Header Files\geometry</Filter>
    </ClInclude>
    <ClInclude Include="..\kernel\foundation\communication.hpp">
      <Filter>Header Files\foundation</Filter>
    </ClInclude>
    <ClInclude Include="..\kernel\foundation\communication_error.hpp">
      <Filter>Header Files\foundation</Filter>
    </ClInclude>
    <ClInclude Include="..\kernel\foundation\dense_data_wrapper.hpp">
      <Filter>Header Files\foundation</Filter>
    </ClInclude>
    <ClInclude Include="..\kernel\foundation\halo.hpp">
      <Filter>Header Files\foundation</Filter>
    </ClInclude>
    <ClInclude Include="..\kernel\foundation\mesh.hpp">
      <Filter>Header Files\foundation</Filter>
    </ClInclude>
    <ClInclude Include="..\kernel\foundation\mesh_error.hpp">
      <Filter>Header Files\foundation</Filter>
    </ClInclude>
    <ClInclude Include="..\kernel\foundation\topology.hpp">
      <Filter>Header Files\foundation</Filter>
    </ClInclude>
    <ClInclude Include="..\kernel\archs.hpp">
      <Filter>Header Files</Filter>
    </ClInclude>
    <ClInclude Include="..\kernel\util\abort.hpp">
      <Filter>Header Files\util</Filter>
    </ClInclude>
    <ClInclude Include="..\kernel\geometry\index_calculator.hpp">
      <Filter>Header Files\geometry</Filter>
    </ClInclude>
    <ClInclude Include="..\kernel\foundation\attribute.hpp">
      <Filter>Header Files\foundation</Filter>
    </ClInclude>
    <ClInclude Include="..\kernel\foundation\attribute_error.hpp">
      <Filter>Header Files\foundation</Filter>
    </ClInclude>
    <ClInclude Include="..\kernel\foundation\mapped_topology.hpp">
      <Filter>Header Files\foundation</Filter>
    </ClInclude>
    <ClInclude Include="..\kernel\foundation\functor.hpp">
      <Filter>Header Files\foundation</Filter>
    </ClInclude>
    <ClInclude Include="..\kernel\foundation\functor_error.hpp">
      <Filter>Header Files\foundation</Filter>
    </ClInclude>
    <ClInclude Include="..\kernel\util\time_stamp.hpp">
      <Filter>Header Files\util</Filter>
    </ClInclude>
    <ClInclude Include="..\kernel\lafem\dense_matrix.hpp">
      <Filter>Header Files\lafem</Filter>
    </ClInclude>
    <ClInclude Include="..\kernel\lafem\dense_vector.hpp">
      <Filter>Header Files\lafem</Filter>
    </ClInclude>
    <ClInclude Include="..\kernel\lafem\difference.hpp">
      <Filter>Header Files\lafem</Filter>
    </ClInclude>
    <ClInclude Include="..\kernel\lafem\dot_product.hpp">
      <Filter>Header Files\lafem</Filter>
    </ClInclude>
    <ClInclude Include="..\kernel\lafem\memory_pool.hpp">
      <Filter>Header Files\lafem</Filter>
    </ClInclude>
    <ClInclude Include="..\kernel\lafem\norm.hpp">
      <Filter>Header Files\lafem</Filter>
    </ClInclude>
    <ClInclude Include="..\kernel\lafem\sparse_matrix_coo.hpp">
      <Filter>Header Files\lafem</Filter>
    </ClInclude>
    <ClInclude Include="..\kernel\lafem\sparse_matrix_csr.hpp">
      <Filter>Header Files\lafem</Filter>
    </ClInclude>
    <ClInclude Include="..\kernel\lafem\sum.hpp">
      <Filter>Header Files\lafem</Filter>
    </ClInclude>
    <ClInclude Include="..\kernel\lafem\absolute.hpp">
      <Filter>Header Files\lafem</Filter>
    </ClInclude>
    <ClInclude Include="..\kernel\lafem\axpy.hpp">
      <Filter>Header Files\lafem</Filter>
    </ClInclude>
    <ClInclude Include="..\kernel\lafem\container.hpp">
      <Filter>Header Files\lafem</Filter>
    </ClInclude>
    <ClInclude Include="..\kernel\geometry\cell_sub_set_node.hpp">
      <Filter>Header Files\geometry</Filter>
    </ClInclude>
    <ClInclude Include="..\kernel\geometry\mesh_node.hpp">
      <Filter>Header Files\geometry</Filter>
    </ClInclude>
    <ClInclude Include="..\kernel\lafem\defect.hpp">
      <Filter>Header Files\lafem</Filter>
    </ClInclude>
    <ClInclude Include="..\kernel\lafem\preconditioner.hpp">
      <Filter>Header Files\lafem</Filter>
    </ClInclude>
    <ClInclude Include="..\kernel\lafem\richardson.hpp">
      <Filter>Header Files\lafem</Filter>
    </ClInclude>
    <ClInclude Include="..\kernel\lafem\algorithm.hpp">
      <Filter>Header Files\lafem</Filter>
    </ClInclude>
    <ClInclude Include="..\kernel\lafem\bicgstab.hpp">
      <Filter>Header Files\lafem</Filter>
    </ClInclude>
    <ClInclude Include="..\kernel\lafem\scale.hpp">
      <Filter>Header Files\lafem</Filter>
    </ClInclude>
    <ClInclude Include="..\kernel\foundation\mesh_control.hpp">
      <Filter>Header Files\foundation</Filter>
    </ClInclude>
    <ClInclude Include="..\kernel\util\random.hpp">
      <Filter>Header Files\util</Filter>
    </ClInclude>
    <ClInclude Include="..\kernel\util\linear_algebra.hpp">
      <Filter>Header Files\util</Filter>
    </ClInclude>
    <ClInclude Include="..\kernel\geometry\intern\refined_entity_counter.hpp">
      <Filter>Header Files\geometry\intern</Filter>
    </ClInclude>
    <ClInclude Include="..\kernel\geometry\index_set.hpp">
      <Filter>Header Files\geometry</Filter>
    </ClInclude>
    <ClInclude Include="..\kernel\geometry\intern\standard_refinement_traits.hpp">
      <Filter>Header Files\geometry\intern</Filter>
    </ClInclude>
    <ClInclude Include="..\kernel\geometry\intern\standard_vertex_refiner.hpp">
      <Filter>Header Files\geometry\intern</Filter>
    </ClInclude>
    <ClInclude Include="..\kernel\geometry\intern\standard_index_refiner.hpp">
      <Filter>Header Files\geometry\intern</Filter>
    </ClInclude>
    <ClInclude Include="..\kernel\geometry\intern\standard_subset_refiner.hpp">
      <Filter>Header Files\geometry\intern</Filter>
    </ClInclude>
    <ClInclude Include="..\kernel\geometry\intern\standard_target_refiner.hpp">
      <Filter>Header Files\geometry\intern</Filter>
    </ClInclude>
    <ClInclude Include="..\kernel\geometry\intern\face_index_mapping.hpp">
      <Filter>Header Files\geometry\intern</Filter>
    </ClInclude>
    <ClInclude Include="..\kernel\geometry\intern\congruency_sampler.hpp">
      <Filter>Header Files\geometry\intern</Filter>
    </ClInclude>
    <ClInclude Include="..\kernel\geometry\intern\congurency_mapping.hpp">
      <Filter>Header Files\geometry\intern</Filter>
    </ClInclude>
    <ClInclude Include="..\kernel\geometry\intern\sub_index_mapping.hpp">
      <Filter>Header Files\geometry\intern</Filter>
    </ClInclude>
    <ClInclude Include="..\kernel\geometry\intern\target_index_mapping.hpp">
      <Filter>Header Files\geometry\intern</Filter>
    </ClInclude>
    <ClInclude Include="..\kernel\geometry\intern\structured_vertex_refiner.hpp">
      <Filter>Header Files\geometry\intern</Filter>
    </ClInclude>
    <ClInclude Include="..\kernel\geometry\intern\vertex_abacus.hpp">
      <Filter>Header Files\geometry\intern</Filter>
    </ClInclude>
    <ClInclude Include="..\kernel\geometry\intern\index_representative.hpp">
      <Filter>Header Files\geometry\intern</Filter>
    </ClInclude>
    <ClInclude Include="..\kernel\util\cpp11_smart_pointer.hpp">
      <Filter>Header Files\util</Filter>
    </ClInclude>
    <ClInclude Include="..\kernel\geometry\conformal_sub_mesh.hpp">
      <Filter>Header Files\geometry</Filter>
    </ClInclude>
    <ClInclude Include="..\kernel\shape.hpp">
      <Filter>Header Files</Filter>
    </ClInclude>
    <ClInclude Include="..\kernel\cubature\scalar\driver_factory.hpp">
      <Filter>Header Files\cubature\scalar</Filter>
    </ClInclude>
    <ClInclude Include="..\kernel\cubature\scalar\dynamic_factory.hpp">
      <Filter>Header Files\cubature\scalar</Filter>
    </ClInclude>
    <ClInclude Include="..\kernel\cubature\scalar\factory_wrapper.hpp">
      <Filter>Header Files\cubature\scalar</Filter>
    </ClInclude>
    <ClInclude Include="..\kernel\cubature\scalar\gauss_legendre_driver.hpp">
      <Filter>Header Files\cubature\scalar</Filter>
    </ClInclude>
    <ClInclude Include="..\kernel\cubature\scalar\rule.hpp">
      <Filter>Header Files\cubature\scalar</Filter>
    </ClInclude>
    <ClInclude Include="..\kernel\cubature\scalar\trapezoidal_driver.hpp">
      <Filter>Header Files\cubature\scalar</Filter>
    </ClInclude>
    <ClInclude Include="..\kernel\cubature\rule.hpp">
      <Filter>Header Files\cubature</Filter>
    </ClInclude>
    <ClInclude Include="..\kernel\cubature\barycentre_driver.hpp">
      <Filter>Header Files\cubature</Filter>
    </ClInclude>
    <ClInclude Include="..\kernel\cubature\driver_factory.hpp">
      <Filter>Header Files\cubature</Filter>
    </ClInclude>
    <ClInclude Include="..\kernel\cubature\dynamic_factory.hpp">
      <Filter>Header Files\cubature</Filter>
    </ClInclude>
    <ClInclude Include="..\kernel\cubature\factory_wrapper.hpp">
      <Filter>Header Files\cubature</Filter>
    </ClInclude>
    <ClInclude Include="..\kernel\cubature\tensor_product_factory.hpp">
      <Filter>Header Files\cubature</Filter>
    </ClInclude>
    <ClInclude Include="..\kernel\cubature\trapezoidal_driver.hpp">
      <Filter>Header Files\cubature</Filter>
    </ClInclude>
    <ClInclude Include="..\kernel\cubature\scalar\driver_base.hpp">
      <Filter>Header Files\cubature\scalar</Filter>
    </ClInclude>
    <ClInclude Include="..\kernel\cubature\driver_base.hpp">
      <Filter>Header Files\cubature</Filter>
    </ClInclude>
    <ClInclude Include="..\kernel\cubature\refine_factory.hpp">
      <Filter>Header Files\cubature</Filter>
    </ClInclude>
    <ClInclude Include="..\kernel\cubature\auto_alias.hpp">
      <Filter>Header Files\cubature</Filter>
    </ClInclude>
    <ClInclude Include="..\kernel\cubature\scalar\gauss_lobatto_driver.hpp">
      <Filter>Header Files\cubature\scalar</Filter>
    </ClInclude>
    <ClInclude Include="..\kernel\cubature\scalar\maclaurin_driver.hpp">
      <Filter>Header Files\cubature\scalar</Filter>
    </ClInclude>
    <ClInclude Include="..\kernel\cubature\scalar\newton_cotes_closed_driver.hpp">
      <Filter>Header Files\cubature\scalar</Filter>
    </ClInclude>
    <ClInclude Include="..\kernel\cubature\scalar\newton_cotes_open_driver.hpp">
      <Filter>Header Files\cubature\scalar</Filter>
    </ClInclude>
    <ClInclude Include="..\kernel\cubature\scalar\midpoint_driver.hpp">
      <Filter>Header Files\cubature\scalar</Filter>
    </ClInclude>
    <ClInclude Include="..\kernel\cubature\simplex_scalar_factory.hpp">
      <Filter>Header Files\cubature</Filter>
    </ClInclude>
    <ClInclude Include="..\kernel\cubature\avail_functor.hpp">
      <Filter>Header Files\cubature</Filter>
    </ClInclude>
    <ClInclude Include="..\kernel\cubature\hammer_stroud_driver.hpp">
      <Filter>Header Files\cubature</Filter>
    </ClInclude>
    <ClInclude Include="..\kernel\cubature\lauffer_driver.hpp">
      <Filter>Header Files\cubature</Filter>
    </ClInclude>
    <ClInclude Include="..\kernel\util\stop_watch.hpp">
      <Filter>Header Files\util</Filter>
    </ClInclude>
    <ClInclude Include="..\kernel\util\tiny_algebra.hpp">
      <Filter>Header Files\util</Filter>
    </ClInclude>
    <ClInclude Include="..\kernel\util\permutation.hpp">
      <Filter>Header Files\util</Filter>
    </ClInclude>
    <ClInclude Include="..\kernel\trafo\base.hpp">
      <Filter>Header Files\trafo</Filter>
    </ClInclude>
    <ClInclude Include="..\kernel\trafo\eval_data.hpp">
      <Filter>Header Files\trafo</Filter>
    </ClInclude>
    <ClInclude Include="..\kernel\trafo\evaluator_base.hpp">
      <Filter>Header Files\trafo</Filter>
    </ClInclude>
    <ClInclude Include="..\kernel\trafo\mapping_base.hpp">
      <Filter>Header Files\trafo</Filter>
    </ClInclude>
    <ClInclude Include="..\kernel\space\base.hpp">
      <Filter>Header Files\space</Filter>
    </ClInclude>
    <ClInclude Include="..\kernel\space\dof_mapping_base.hpp">
      <Filter>Header Files\space</Filter>
    </ClInclude>
    <ClInclude Include="..\kernel\space\dof_mapping_common.hpp">
      <Filter>Header Files\space</Filter>
    </ClInclude>
    <ClInclude Include="..\kernel\space\element_base.hpp">
      <Filter>Header Files\space</Filter>
    </ClInclude>
    <ClInclude Include="..\kernel\space\eval_data.hpp">
      <Filter>Header Files\space</Filter>
    </ClInclude>
    <ClInclude Include="..\kernel\space\evaluator_base.hpp">
      <Filter>Header Files\space</Filter>
    </ClInclude>
    <ClInclude Include="..\kernel\assembly\base.hpp">
      <Filter>Header Files\assembly</Filter>
    </ClInclude>
    <ClInclude Include="..\kernel\space\dof_adjacency.hpp">
      <Filter>Header Files\space</Filter>
    </ClInclude>
    <ClInclude Include="..\kernel\assembly\lafem_backend.hpp">
      <Filter>Header Files\assembly</Filter>
    </ClInclude>
    <ClInclude Include="..\kernel\assembly\bilinear_functor_base.hpp">
      <Filter>Header Files\assembly</Filter>
    </ClInclude>
    <ClInclude Include="..\kernel\assembly\linear_functor_base.hpp">
      <Filter>Header Files\assembly</Filter>
    </ClInclude>
    <ClInclude Include="..\kernel\assembly\grid_transfer.hpp">
      <Filter>Header Files\assembly</Filter>
    </ClInclude>
    <ClInclude Include="..\kernel\assembly\asm_traits.hpp">
      <Filter>Header Files\assembly</Filter>
    </ClInclude>
    <ClInclude Include="..\kernel\assembly\bilinear_operator.hpp">
      <Filter>Header Files\assembly</Filter>
    </ClInclude>
    <ClInclude Include="..\kernel\assembly\linear_functional.hpp">
      <Filter>Header Files\assembly</Filter>
    </ClInclude>
    <ClInclude Include="..\kernel\assembly\standard_functionals.hpp">
      <Filter>Header Files\assembly</Filter>
    </ClInclude>
    <ClInclude Include="..\kernel\assembly\standard_operators.hpp">
      <Filter>Header Files\assembly</Filter>
    </ClInclude>
    <ClInclude Include="..\kernel\space\lagrange1\element.hpp">
      <Filter>Header Files\space\lagrange1</Filter>
    </ClInclude>
    <ClInclude Include="..\kernel\space\lagrange1\evaluator.hpp">
      <Filter>Header Files\space\lagrange1</Filter>
    </ClInclude>
    <ClInclude Include="..\kernel\space\rannacher_turek\element.hpp">
      <Filter>Header Files\space\rannacher_turek</Filter>
    </ClInclude>
    <ClInclude Include="..\kernel\space\rannacher_turek\evaluator.hpp">
      <Filter>Header Files\space\rannacher_turek</Filter>
    </ClInclude>
    <ClInclude Include="..\kernel\space\rannacher_turek\variant.hpp">
      <Filter>Header Files\space\rannacher_turek</Filter>
    </ClInclude>
    <ClInclude Include="..\kernel\trafo\standard\evaluator.hpp">
      <Filter>Header Files\trafo\standard</Filter>
    </ClInclude>
    <ClInclude Include="..\kernel\trafo\standard\mapping.hpp">
      <Filter>Header Files\trafo\standard</Filter>
    </ClInclude>
    <ClInclude Include="..\kernel\foundation\base.hpp">
      <Filter>Header Files\foundation</Filter>
    </ClInclude>
    <ClInclude Include="..\kernel\foundation\buffer.hpp">
      <Filter>Header Files\foundation</Filter>
    </ClInclude>
    <ClInclude Include="..\kernel\foundation\control.hpp">
      <Filter>Header Files\foundation</Filter>
    </ClInclude>
    <ClInclude Include="..\kernel\foundation\data.hpp">
      <Filter>Header Files\foundation</Filter>
    </ClInclude>
    <ClInclude Include="..\kernel\foundation\halo_control.hpp">
      <Filter>Header Files\foundation</Filter>
    </ClInclude>
    <ClInclude Include="..\kernel\foundation\load_balancing.hpp">
      <Filter>Header Files\foundation</Filter>
    </ClInclude>
    <ClInclude Include="..\kernel\assembly\local_system_data.hpp">
      <Filter>Header Files\assembly</Filter>
    </ClInclude>
    <ClInclude Include="..\kernel\util\dynamic_graph.hpp">
      <Filter>Header Files\util</Filter>
    </ClInclude>
    <ClInclude Include="..\kernel\lafem\transposition.hpp">
      <Filter>Header Files\lafem</Filter>
    </ClInclude>
    <ClInclude Include="..\kernel\space\dof_assignment_base.hpp">
      <Filter>Header Files\space</Filter>
    </ClInclude>
    <ClInclude Include="..\kernel\space\dof_assignment_common.hpp">
      <Filter>Header Files\space</Filter>
    </ClInclude>
    <ClInclude Include="..\kernel\lafem\vector_mirror.hpp">
      <Filter>Header Files\lafem</Filter>
    </ClInclude>
    <ClInclude Include="..\kernel\lafem\matrix_mirror.hpp">
      <Filter>Header Files\lafem</Filter>
    </ClInclude>
    <ClInclude Include="..\kernel\space\dof_mirror.hpp">
      <Filter>Header Files\space</Filter>
    </ClInclude>
    <ClInclude Include="..\kernel\lafem\unit_filter.hpp">
      <Filter>Header Files\lafem</Filter>
    </ClInclude>
    <ClInclude Include="..\kernel\assembly\dirichlet_bc.hpp">
      <Filter>Header Files\assembly</Filter>
    </ClInclude>
    <ClInclude Include="..\kernel\geometry\factory.hpp">
      <Filter>Header Files\geometry</Filter>
    </ClInclude>
    <ClInclude Include="..\kernel\geometry\conformal_factories.hpp">
      <Filter>Header Files\geometry</Filter>
    </ClInclude>
    <ClInclude Include="..\kernel\util\colouring.hpp">
      <Filter>Header Files\util</Filter>
    </ClInclude>
    <ClInclude Include="..\kernel\util\cuthill_mckee.hpp">
      <Filter>Header Files\util</Filter>
    </ClInclude>
    <ClInclude Include="..\kernel\geometry\struct_index_set.hpp">
      <Filter>Header Files\geometry</Filter>
    </ClInclude>
    <ClInclude Include="..\kernel\geometry\intern\struct_num_entities.hpp">
      <Filter>Header Files\geometry\intern</Filter>
    </ClInclude>
    <ClInclude Include="..\kernel\geometry\intern\struct_index_mapping.hpp">
      <Filter>Header Files\geometry\intern</Filter>
    </ClInclude>
    <ClInclude Include="..\kernel\lafem\sparse_matrix_ell.hpp">
      <Filter>Header Files\lafem</Filter>
    </ClInclude>
    <ClInclude Include="..\kernel\space\discontinuous\element.hpp">
      <Filter>Header Files\space\discontinuous</Filter>
    </ClInclude>
    <ClInclude Include="..\kernel\space\discontinuous\evaluator.hpp">
      <Filter>Header Files\space\discontinuous</Filter>
    </ClInclude>
    <ClInclude Include="..\kernel\space\discontinuous\variant.hpp">
      <Filter>Header Files\space\discontinuous</Filter>
    </ClInclude>
    <ClInclude Include="..\kernel\assembly\discrete_projector.hpp">
      <Filter>Header Files\assembly</Filter>
    </ClInclude>
    <ClInclude Include="..\kernel\lafem\component_product.hpp">
      <Filter>Header Files\lafem</Filter>
    </ClInclude>
    <ClInclude Include="..\kernel\lafem\product_matvec.hpp">
      <Filter>Header Files\lafem</Filter>
    </ClInclude>
    <ClInclude Include="..\kernel\analytic_functor.hpp">
      <Filter>Header Files</Filter>
    </ClInclude>
    <ClInclude Include="..\kernel\space\node_functional_base.hpp">
      <Filter>Header Files\space</Filter>
    </ClInclude>
    <ClInclude Include="..\kernel\space\discontinuous\node_functional.hpp">
      <Filter>Header Files\space\discontinuous</Filter>
    </ClInclude>
    <ClInclude Include="..\kernel\space\lagrange1\node_functional.hpp">
      <Filter>Header Files\space\lagrange1</Filter>
    </ClInclude>
    <ClInclude Include="..\kernel\space\rannacher_turek\node_functional.hpp">
      <Filter>Header Files\space\rannacher_turek</Filter>
    </ClInclude>
    <ClInclude Include="..\kernel\assembly\interpolator.hpp">
      <Filter>Header Files\assembly</Filter>
    </ClInclude>
    <ClInclude Include="..\kernel\assembly\error_computer.hpp">
      <Filter>Header Files\assembly</Filter>
    </ClInclude>
  </ItemGroup>
  <ItemGroup>
    <ClCompile Include="..\kernel\util\exception.cpp">
      <Filter>Source Files\util</Filter>
    </ClCompile>
    <ClCompile Include="..\kernel\util\logger.cpp">
      <Filter>Source Files\util</Filter>
    </ClCompile>
    <ClCompile Include="..\kernel\util\param_section.cpp">
      <Filter>Source Files\util</Filter>
    </ClCompile>
    <ClCompile Include="..\kernel\foundation\communication_error.cpp">
      <Filter>Source Files\foundation</Filter>
    </ClCompile>
    <ClCompile Include="..\kernel\foundation\mesh_error.cpp">
      <Filter>Source Files\foundation</Filter>
    </ClCompile>
    <ClCompile Include="..\kernel\archs.cpp">
      <Filter>Source Files</Filter>
    </ClCompile>
    <ClCompile Include="..\kernel\foundation\attribute_error.cpp">
      <Filter>Source Files\foundation</Filter>
    </ClCompile>
    <ClCompile Include="..\kernel\foundation\functor_error.cpp">
      <Filter>Source Files\foundation</Filter>
    </ClCompile>
    <ClCompile Include="..\kernel\lafem\memory_pool.cpp">
      <Filter>Source Files\lafem</Filter>
    </ClCompile>
    <ClCompile Include="..\kernel\util\colouring.cpp">
      <Filter>Source Files\util</Filter>
    </ClCompile>
  </ItemGroup>
</Project>