<?xml version="1.0" encoding="utf-8"?>
<Project ToolsVersion="4.0" xmlns="http://schemas.microsoft.com/developer/msbuild/2003">
  <ItemGroup>
    <Filter Include="Header Files">
      <UniqueIdentifier>{93995380-89BD-4b04-88EB-625FBE52EBFB}</UniqueIdentifier>
      <Extensions>h;hpp;hxx;hm;inl;inc;xsd</Extensions>
    </Filter>
    <Filter Include="Source Files">
      <UniqueIdentifier>{4FC737F1-C7A5-4376-A066-2A32D752A2FF}</UniqueIdentifier>
      <Extensions>cpp;c;cc;cxx;def;odl;idl;hpj;bat;asm;asmx</Extensions>
    </Filter>
    <Filter Include="Header Files\util">
      <UniqueIdentifier>{09524e05-8107-4f0a-b5f7-c473b2106d8d}</UniqueIdentifier>
    </Filter>
    <Filter Include="Source Files\util">
      <UniqueIdentifier>{fc956664-a3a9-45df-92e4-c5631ac60774}</UniqueIdentifier>
    </Filter>
    <Filter Include="Header Files\foundation">
      <UniqueIdentifier>{25bab0b8-78df-496b-8a22-f7a86c416aa2}</UniqueIdentifier>
    </Filter>
    <Filter Include="Source Files\foundation">
      <UniqueIdentifier>{00d9dcec-fec5-4be2-a18f-c5f9362b916a}</UniqueIdentifier>
    </Filter>
    <Filter Include="Header Files\geometry">
      <UniqueIdentifier>{afa0f642-9c74-4cd2-8b23-ee88d771792b}</UniqueIdentifier>
    </Filter>
    <Filter Include="Source Files\geometry">
      <UniqueIdentifier>{3b03ffb2-b0f2-4738-8adb-b4e0ebd0d74e}</UniqueIdentifier>
    </Filter>
    <Filter Include="Header Files\geometry\conformal">
      <UniqueIdentifier>{65d96ff6-e022-4c27-beeb-2a8b9c00c0ee}</UniqueIdentifier>
    </Filter>
    <Filter Include="Header Files\geometry\congruency">
      <UniqueIdentifier>{212833bf-7394-4415-883f-25efcf9d9026}</UniqueIdentifier>
    </Filter>
    <Filter Include="Header Files\geometry\structured">
      <UniqueIdentifier>{16f668af-6343-4c89-970c-d943d72f32c9}</UniqueIdentifier>
    </Filter>
    <Filter Include="Header Files\geometry\test_aux">
      <UniqueIdentifier>{033740ca-b3d0-4996-811b-54f544094edd}</UniqueIdentifier>
    </Filter>
    <Filter Include="Header Files\geometry\conformal\standard_refinement">
      <UniqueIdentifier>{c64aae21-06f4-4c15-b7ad-d942cb509592}</UniqueIdentifier>
    </Filter>
    <Filter Include="Header Files\hornet">
      <UniqueIdentifier>{08767830-bd99-4b65-9e34-4236e97eb027}</UniqueIdentifier>
    </Filter>
    <Filter Include="Source Files\hornet">
      <UniqueIdentifier>{af4ad484-97dc-4b11-af95-7e185af1d196}</UniqueIdentifier>
    </Filter>
  </ItemGroup>
  <ItemGroup>
    <ClInclude Include="..\kernel\base_header.hpp">
      <Filter>Header Files</Filter>
    </ClInclude>
    <ClInclude Include="..\kernel\util\abort.hpp">
      <Filter>Header Files\util</Filter>
    </ClInclude>
    <ClInclude Include="..\kernel\util\assertion.hpp">
      <Filter>Header Files\util</Filter>
    </ClInclude>
    <ClInclude Include="..\kernel\util\compiler_gnu.hpp">
      <Filter>Header Files\util</Filter>
    </ClInclude>
    <ClInclude Include="..\kernel\util\compiler_intel.hpp">
      <Filter>Header Files\util</Filter>
    </ClInclude>
    <ClInclude Include="..\kernel\util\compiler_microsoft.hpp">
      <Filter>Header Files\util</Filter>
    </ClInclude>
    <ClInclude Include="..\kernel\util\compiler_open64.hpp">
      <Filter>Header Files\util</Filter>
    </ClInclude>
    <ClInclude Include="..\kernel\util\compiler_oracle.hpp">
      <Filter>Header Files\util</Filter>
    </ClInclude>
    <ClInclude Include="..\kernel\util\compiler_pgi.hpp">
      <Filter>Header Files\util</Filter>
    </ClInclude>
    <ClInclude Include="..\kernel\util\exception.hpp">
      <Filter>Header Files\util</Filter>
    </ClInclude>
    <ClInclude Include="..\kernel\util\file_reader_ascii.hpp">
      <Filter>Header Files\util</Filter>
    </ClInclude>
    <ClInclude Include="..\kernel\util\inheritance.hpp">
      <Filter>Header Files\util</Filter>
    </ClInclude>
    <ClInclude Include="..\kernel\util\instantiation_policy.hpp">
      <Filter>Header Files\util</Filter>
    </ClInclude>
    <ClInclude Include="..\kernel\util\mpi_utils.hpp">
      <Filter>Header Files\util</Filter>
    </ClInclude>
    <ClInclude Include="..\kernel\util\prefix.hpp">
      <Filter>Header Files\util</Filter>
    </ClInclude>
    <ClInclude Include="..\kernel\util\pretty_printer.hpp">
      <Filter>Header Files\util</Filter>
    </ClInclude>
    <ClInclude Include="..\kernel\util\type_traits.hpp">
      <Filter>Header Files\util</Filter>
    </ClInclude>
    <ClInclude Include="..\kernel\util\string.hpp">
      <Filter>Header Files\util</Filter>
    </ClInclude>
    <ClInclude Include="feast_config.hpp" />
    <ClInclude Include="..\kernel\util\graph.hpp">
      <Filter>Header Files\util</Filter>
    </ClInclude>
    <ClInclude Include="..\kernel\util\logger.hpp">
      <Filter>Header Files\util</Filter>
    </ClInclude>
    <ClInclude Include="..\kernel\geometry\shape.hpp">
      <Filter>Header Files\geometry</Filter>
    </ClInclude>
    <ClInclude Include="..\kernel\util\factorial.hpp">
      <Filter>Header Files\util</Filter>
    </ClInclude>
    <ClInclude Include="..\kernel\util\file_error.hpp">
      <Filter>Header Files\util</Filter>
    </ClInclude>
    <ClInclude Include="..\kernel\util\adjactor.hpp">
      <Filter>Header Files\util</Filter>
    </ClInclude>
    <ClInclude Include="..\kernel\util\index_table.hpp">
      <Filter>Header Files\util</Filter>
    </ClInclude>
    <ClInclude Include="..\kernel\util\param_section.hpp">
      <Filter>Header Files\util</Filter>
    </ClInclude>
    <ClInclude Include="..\kernel\util\string_map.hpp">
      <Filter>Header Files\util</Filter>
    </ClInclude>
    <ClInclude Include="..\kernel\geometry\conformal\index_set.hpp">
      <Filter>Header Files\geometry\conformal</Filter>
    </ClInclude>
    <ClInclude Include="..\kernel\geometry\conformal\standard_refinement\entity_counter.hpp">
      <Filter>Header Files\geometry\conformal\standard_refinement</Filter>
    </ClInclude>
    <ClInclude Include="..\kernel\geometry\conformal\standard_refinement\index_refine_wrappers.hpp">
      <Filter>Header Files\geometry\conformal\standard_refinement</Filter>
    </ClInclude>
    <ClInclude Include="..\kernel\geometry\conformal\standard_refinement\index_refiner.hpp">
      <Filter>Header Files\geometry\conformal\standard_refinement</Filter>
    </ClInclude>
    <ClInclude Include="..\kernel\geometry\conformal\standard_refinement\index_refiner-hypercube.hpp">
      <Filter>Header Files\geometry\conformal\standard_refinement</Filter>
    </ClInclude>
    <ClInclude Include="..\kernel\geometry\conformal\standard_refinement\index_refiner-simplex.hpp">
      <Filter>Header Files\geometry\conformal\standard_refinement</Filter>
    </ClInclude>
    <ClInclude Include="..\kernel\geometry\conformal\standard_refinement\target_refine_wrappers.hpp">
      <Filter>Header Files\geometry\conformal\standard_refinement</Filter>
    </ClInclude>
    <ClInclude Include="..\kernel\geometry\conformal\standard_refinement\target_refiner.hpp">
      <Filter>Header Files\geometry\conformal\standard_refinement</Filter>
    </ClInclude>
    <ClInclude Include="..\kernel\geometry\conformal\standard_refinement\target_refiner-hypercube.hpp">
      <Filter>Header Files\geometry\conformal\standard_refinement</Filter>
    </ClInclude>
    <ClInclude Include="..\kernel\geometry\conformal\standard_refinement\target_refiner-simplex.hpp">
      <Filter>Header Files\geometry\conformal\standard_refinement</Filter>
    </ClInclude>
    <ClInclude Include="..\kernel\geometry\conformal\standard_refinement\vertex_refine_wrappers.hpp">
      <Filter>Header Files\geometry\conformal\standard_refinement</Filter>
    </ClInclude>
    <ClInclude Include="..\kernel\geometry\conformal\standard_refinement\vertex_refiner.hpp">
      <Filter>Header Files\geometry\conformal\standard_refinement</Filter>
    </ClInclude>
    <ClInclude Include="..\kernel\geometry\congruency\base.hpp">
      <Filter>Header Files\geometry\congruency</Filter>
    </ClInclude>
    <ClInclude Include="..\kernel\geometry\congruency\hypercube.hpp">
      <Filter>Header Files\geometry\congruency</Filter>
    </ClInclude>
    <ClInclude Include="..\kernel\geometry\congruency\simplex.hpp">
      <Filter>Header Files\geometry\congruency</Filter>
    </ClInclude>
    <ClInclude Include="..\kernel\geometry\congruency\sub_index_mapping.hpp">
      <Filter>Header Files\geometry\congruency</Filter>
    </ClInclude>
    <ClInclude Include="..\kernel\geometry\congruency\target_index_mapping.hpp">
      <Filter>Header Files\geometry\congruency</Filter>
    </ClInclude>
    <ClInclude Include="..\kernel\geometry\structured\vertex_refiner.hpp">
      <Filter>Header Files\geometry\structured</Filter>
    </ClInclude>
    <ClInclude Include="..\kernel\geometry\test_aux\copy_comp_set.hpp">
      <Filter>Header Files\geometry\test_aux</Filter>
    </ClInclude>
    <ClInclude Include="..\kernel\geometry\test_aux\tetris_hexa.hpp">
      <Filter>Header Files\geometry\test_aux</Filter>
    </ClInclude>
    <ClInclude Include="..\kernel\geometry\test_aux\tetris_quad.hpp">
      <Filter>Header Files\geometry\test_aux</Filter>
    </ClInclude>
    <ClInclude Include="..\kernel\geometry\conformal_mesh.hpp">
      <Filter>Header Files\geometry</Filter>
    </ClInclude>
    <ClInclude Include="..\kernel\geometry\export_vtk.hpp">
      <Filter>Header Files\geometry</Filter>
    </ClInclude>
    <ClInclude Include="..\kernel\geometry\local_index_mapping.hpp">
      <Filter>Header Files\geometry</Filter>
    </ClInclude>
    <ClInclude Include="..\kernel\geometry\standard_refinery.hpp">
      <Filter>Header Files\geometry</Filter>
    </ClInclude>
    <ClInclude Include="..\kernel\geometry\std_ref_traits.hpp">
      <Filter>Header Files\geometry</Filter>
    </ClInclude>
    <ClInclude Include="..\kernel\geometry\structured_mesh.hpp">
      <Filter>Header Files\geometry</Filter>
    </ClInclude>
    <ClInclude Include="..\kernel\geometry\target_set.hpp">
      <Filter>Header Files\geometry</Filter>
    </ClInclude>
    <ClInclude Include="..\kernel\geometry\vertex_abacus.hpp">
      <Filter>Header Files\geometry</Filter>
    </ClInclude>
    <ClInclude Include="..\kernel\geometry\vertex_set.hpp">
      <Filter>Header Files\geometry</Filter>
    </ClInclude>
    <ClInclude Include="..\kernel\foundation\communication.hpp">
      <Filter>Header Files\foundation</Filter>
    </ClInclude>
    <ClInclude Include="..\kernel\foundation\communication_error.hpp">
      <Filter>Header Files\foundation</Filter>
    </ClInclude>
    <ClInclude Include="..\kernel\foundation\dense_data_wrapper.hpp">
      <Filter>Header Files\foundation</Filter>
    </ClInclude>
    <ClInclude Include="..\kernel\foundation\file_parser.hpp">
      <Filter>Header Files\foundation</Filter>
    </ClInclude>
    <ClInclude Include="..\kernel\foundation\halo.hpp">
      <Filter>Header Files\foundation</Filter>
    </ClInclude>
    <ClInclude Include="..\kernel\foundation\halo_data.hpp">
      <Filter>Header Files\foundation</Filter>
    </ClInclude>
    <ClInclude Include="..\kernel\foundation\master.hpp">
      <Filter>Header Files\foundation</Filter>
    </ClInclude>
    <ClInclude Include="..\kernel\foundation\mesh.hpp">
      <Filter>Header Files\foundation</Filter>
    </ClInclude>
    <ClInclude Include="..\kernel\foundation\mesh_data.hpp">
      <Filter>Header Files\foundation</Filter>
    </ClInclude>
    <ClInclude Include="..\kernel\foundation\mesh_error.hpp">
      <Filter>Header Files\foundation</Filter>
    </ClInclude>
    <ClInclude Include="..\kernel\foundation\topology.hpp">
      <Filter>Header Files\foundation</Filter>
    </ClInclude>
    <ClInclude Include="..\kernel\hornet\dense_vector.hpp">
      <Filter>Header Files\hornet</Filter>
    </ClInclude>
    <ClInclude Include="..\kernel\hornet\memory_pool.hpp">
      <Filter>Header Files\hornet</Filter>
    </ClInclude>
    <ClInclude Include="..\kernel\hornet\sparse_matrix_coo.hpp">
      <Filter>Header Files\hornet</Filter>
    </ClInclude>
    <ClInclude Include="..\kernel\hornet\container.hpp">
      <Filter>Header Files\hornet</Filter>
    </ClInclude>
    <ClInclude Include="..\kernel\hornet\dense_matrix.hpp">
      <Filter>Header Files\hornet</Filter>
    </ClInclude>
    <ClInclude Include="..\kernel\archs.hpp">
      <Filter>Header Files</Filter>
    </ClInclude>
  </ItemGroup>
  <ItemGroup>
    <ClCompile Include="..\kernel\util\exception.cpp">
      <Filter>Source Files\util</Filter>
    </ClCompile>
    <ClCompile Include="..\kernel\util\logger.cpp">
      <Filter>Source Files\util</Filter>
    </ClCompile>
    <ClCompile Include="..\kernel\util\param_section.cpp">
      <Filter>Source Files\util</Filter>
    </ClCompile>
    <ClCompile Include="..\kernel\foundation\communication_error.cpp">
      <Filter>Source Files\foundation</Filter>
    </ClCompile>
    <ClCompile Include="..\kernel\foundation\mesh_error.cpp">
      <Filter>Source Files\foundation</Filter>
    </ClCompile>
    <ClCompile Include="..\kernel\hornet\memory_pool.cpp">
      <Filter>Source Files\hornet</Filter>
    </ClCompile>
    <ClCompile Include="..\kernel\archs.cpp">
      <Filter>Source Files</Filter>
    </ClCompile>
  </ItemGroup>
</Project>