<?xml version="1.0" encoding="utf-8"?>
<Project ToolsVersion="4.0" xmlns="http://schemas.microsoft.com/developer/msbuild/2003">
  <ItemGroup>
    <Filter Include="Source Files %28test_system%29">
      <UniqueIdentifier>{4FC737F1-C7A5-4376-A066-2A32D752A2FF}</UniqueIdentifier>
      <Extensions>cpp;c;cc;cxx;def;odl;idl;hpj;bat;asm;asmx</Extensions>
    </Filter>
    <Filter Include="Source Files %28kernel%29">
      <UniqueIdentifier>{60bef431-064c-44e4-afee-144e42f55290}</UniqueIdentifier>
    </Filter>
    <Filter Include="Source Files %28kernel%29\util">
      <UniqueIdentifier>{cd9fd17b-3eeb-4fe3-a1c1-2575812060fd}</UniqueIdentifier>
    </Filter>
    <Filter Include="Source Files %28kernel%29\foundation">
      <UniqueIdentifier>{24b16e61-c4ce-44bb-a292-84def0e7ad1c}</UniqueIdentifier>
    </Filter>
    <Filter Include="Source Files %28kernel%29\geometry">
      <UniqueIdentifier>{9f3c1970-15c2-489b-b72e-4eccd6e1ef8c}</UniqueIdentifier>
    </Filter>
    <Filter Include="Source Files %28kernel%29\lafem">
      <UniqueIdentifier>{6254dac9-2899-4861-8c87-0c7f16d90aa6}</UniqueIdentifier>
    </Filter>
    <Filter Include="Source Files %28kernel%29\geometry\test_aux">
      <UniqueIdentifier>{4eb0bace-ded0-453c-8c55-89bf6ee2f3cc}</UniqueIdentifier>
    </Filter>
    <Filter Include="Header Files %28test_system%29">
      <UniqueIdentifier>{93995380-89BD-4b04-88EB-625FBE52EBFB}</UniqueIdentifier>
      <Extensions>h;hpp;hxx;hm;inl;inc;xsd</Extensions>
    </Filter>
    <Filter Include="Header Files %28kernel%29">
      <UniqueIdentifier>{9c33e884-53b1-49ef-a551-b626c9b5ba49}</UniqueIdentifier>
    </Filter>
    <Filter Include="Header Files %28kernel%29\geometry">
      <UniqueIdentifier>{d3dad62a-eca5-4500-b07e-915ba788f382}</UniqueIdentifier>
    </Filter>
    <Filter Include="Header Files %28kernel%29\geometry\test_aux">
      <UniqueIdentifier>{1f2442b1-d969-4158-97fe-98e7f7659887}</UniqueIdentifier>
    </Filter>
  </ItemGroup>
  <ItemGroup>
    <ClInclude Include="..\test_system\test_system.hpp">
      <Filter>Header Files %28test_system%29</Filter>
    </ClInclude>
    <ClInclude Include="..\kernel\geometry\test_aux\standard_quad.hpp">
      <Filter>Header Files %28kernel%29\geometry\test_aux</Filter>
    </ClInclude>
    <ClInclude Include="..\kernel\geometry\test_aux\standard_tetra.hpp">
      <Filter>Header Files %28kernel%29\geometry\test_aux</Filter>
    </ClInclude>
    <ClInclude Include="..\kernel\geometry\test_aux\standard_tria.hpp">
      <Filter>Header Files %28kernel%29\geometry\test_aux</Filter>
    </ClInclude>
    <ClInclude Include="..\kernel\geometry\test_aux\tetris_hexa.hpp">
      <Filter>Header Files %28kernel%29\geometry\test_aux</Filter>
    </ClInclude>
    <ClInclude Include="..\kernel\geometry\test_aux\tetris_quad.hpp">
      <Filter>Header Files %28kernel%29\geometry\test_aux</Filter>
    </ClInclude>
    <ClInclude Include="..\kernel\geometry\test_aux\copy_comp_set.hpp">
      <Filter>Header Files %28kernel%29\geometry\test_aux</Filter>
    </ClInclude>
    <ClInclude Include="..\kernel\geometry\test_aux\index_calculator_meshes.hpp">
      <Filter>Header Files %28kernel%29\geometry\test_aux</Filter>
    </ClInclude>
    <ClInclude Include="..\kernel\geometry\test_aux\standard_hexa.hpp">
      <Filter>Header Files %28kernel%29\geometry\test_aux</Filter>
    </ClInclude>
  </ItemGroup>
  <ItemGroup>
    <ClCompile Include="..\test_system\test_system.cpp">
      <Filter>Source Files %28test_system%29</Filter>
    </ClCompile>
    <ClCompile Include="..\kernel\util\assertion-test.cpp">
      <Filter>Source Files %28kernel%29\util</Filter>
    </ClCompile>
    <ClCompile Include="..\kernel\util\inheritance-test.cpp">
      <Filter>Source Files %28kernel%29\util</Filter>
    </ClCompile>
    <ClCompile Include="..\test_system\test_system-test.cpp">
      <Filter>Source Files %28test_system%29</Filter>
    </ClCompile>
    <ClCompile Include="..\kernel\util\factorial-test.cpp">
      <Filter>Source Files %28kernel%29\util</Filter>
    </ClCompile>
    <ClCompile Include="..\kernel\geometry\shape-test.cpp">
      <Filter>Source Files %28kernel%29\geometry</Filter>
    </ClCompile>
    <ClCompile Include="..\kernel\util\graph-test.cpp">
      <Filter>Source Files %28kernel%29\util</Filter>
    </ClCompile>
    <ClCompile Include="..\kernel\util\param_section-test.cpp">
      <Filter>Source Files %28kernel%29\util</Filter>
    </ClCompile>
    <ClCompile Include="..\kernel\geometry\standard_refinery-test-conf-quad.cpp">
      <Filter>Source Files %28kernel%29\geometry</Filter>
    </ClCompile>
    <ClCompile Include="..\kernel\geometry\standard_refinery-test-struct-quad.cpp">
      <Filter>Source Files %28kernel%29\geometry</Filter>
    </ClCompile>
    <ClCompile Include="..\kernel\foundation\communication-test.cpp">
      <Filter>Source Files %28kernel%29\foundation</Filter>
    </ClCompile>
    <ClCompile Include="..\kernel\geometry\standard_refinery-test-conf-hexa.cpp">
      <Filter>Source Files %28kernel%29\geometry</Filter>
    </ClCompile>
    <ClCompile Include="..\kernel\geometry\standard_refinery-test-conf-tetra.cpp">
      <Filter>Source Files %28kernel%29\geometry</Filter>
    </ClCompile>
    <ClCompile Include="..\kernel\geometry\standard_refinery-test-conf-tria.cpp">
      <Filter>Source Files %28kernel%29\geometry</Filter>
    </ClCompile>
    <ClCompile Include="..\kernel\geometry\standard_refinery-test-struct-hexa.cpp">
      <Filter>Source Files %28kernel%29\geometry</Filter>
    </ClCompile>
    <ClCompile Include="..\kernel\foundation\dense_data_wrapper-test.cpp">
      <Filter>Source Files %28kernel%29\foundation</Filter>
    </ClCompile>
    <ClCompile Include="..\kernel\foundation\halo-test.cpp">
      <Filter>Source Files %28kernel%29\foundation</Filter>
    </ClCompile>
    <ClCompile Include="..\kernel\foundation\mesh-test.cpp">
      <Filter>Source Files %28kernel%29\foundation</Filter>
    </ClCompile>
    <ClCompile Include="..\kernel\foundation\topology-test.cpp">
      <Filter>Source Files %28kernel%29\foundation</Filter>
    </ClCompile>
    <ClCompile Include="..\kernel\geometry\index_calculator-test.cpp">
      <Filter>Source Files %28kernel%29\geometry</Filter>
    </ClCompile>
    <ClCompile Include="..\kernel\foundation\attribute-test.cpp">
      <Filter>Source Files %28kernel%29\foundation</Filter>
    </ClCompile>
    <ClCompile Include="..\kernel\foundation\mapped_topology-test.cpp">
      <Filter>Source Files %28kernel%29\foundation</Filter>
    </ClCompile>
    <ClCompile Include="..\kernel\foundation\functor-test.cpp">
      <Filter>Source Files %28kernel%29\foundation</Filter>
    </ClCompile>
    <ClCompile Include="..\kernel\lafem\axpy-test.cpp">
      <Filter>Source Files %28kernel%29\lafem</Filter>
    </ClCompile>
    <ClCompile Include="..\kernel\lafem\dense_matrix-test.cpp">
      <Filter>Source Files %28kernel%29\lafem</Filter>
    </ClCompile>
    <ClCompile Include="..\kernel\lafem\dense_vector-test.cpp">
      <Filter>Source Files %28kernel%29\lafem</Filter>
    </ClCompile>
    <ClCompile Include="..\kernel\lafem\difference-test.cpp">
      <Filter>Source Files %28kernel%29\lafem</Filter>
    </ClCompile>
    <ClCompile Include="..\kernel\lafem\dot_product-test.cpp">
      <Filter>Source Files %28kernel%29\lafem</Filter>
    </ClCompile>
    <ClCompile Include="..\kernel\lafem\element_product-test.cpp">
      <Filter>Source Files %28kernel%29\lafem</Filter>
    </ClCompile>
    <ClCompile Include="..\kernel\lafem\norm-test.cpp">
      <Filter>Source Files %28kernel%29\lafem</Filter>
    </ClCompile>
    <ClCompile Include="..\kernel\lafem\product-test.cpp">
      <Filter>Source Files %28kernel%29\lafem</Filter>
    </ClCompile>
    <ClCompile Include="..\kernel\lafem\sparse_matrix_coo-test.cpp">
      <Filter>Source Files %28kernel%29\lafem</Filter>
    </ClCompile>
    <ClCompile Include="..\kernel\lafem\sparse_matrix_csr-test.cpp">
      <Filter>Source Files %28kernel%29\lafem</Filter>
    </ClCompile>
    <ClCompile Include="..\kernel\lafem\sum-test.cpp">
      <Filter>Source Files %28kernel%29\lafem</Filter>
    </ClCompile>
    <ClCompile Include="..\kernel\geometry\mesh_node-test-conf-quad.cpp">
      <Filter>Source Files %28kernel%29\geometry</Filter>
    </ClCompile>
    <ClCompile Include="..\kernel\geometry\test_aux\index_calculator_meshes.cpp">
      <Filter>Source Files %28kernel%29\geometry\test_aux</Filter>
    </ClCompile>
    <ClCompile Include="..\kernel\geometry\test_aux\standard_hexa.cpp">
      <Filter>Source Files %28kernel%29\geometry\test_aux</Filter>
    </ClCompile>
    <ClCompile Include="..\kernel\geometry\test_aux\standard_quad.cpp">
      <Filter>Source Files %28kernel%29\geometry\test_aux</Filter>
    </ClCompile>
    <ClCompile Include="..\kernel\geometry\test_aux\standard_tetra.cpp">
      <Filter>Source Files %28kernel%29\geometry\test_aux</Filter>
    </ClCompile>
    <ClCompile Include="..\kernel\geometry\test_aux\standard_tria.cpp">
      <Filter>Source Files %28kernel%29\geometry\test_aux</Filter>
    </ClCompile>
    <ClCompile Include="..\kernel\geometry\test_aux\tetris_hexa.cpp">
      <Filter>Source Files %28kernel%29\geometry\test_aux</Filter>
    </ClCompile>
    <ClCompile Include="..\kernel\geometry\test_aux\tetris_quad.cpp">
      <Filter>Source Files %28kernel%29\geometry\test_aux</Filter>
    </ClCompile>
    <ClCompile Include="..\kernel\lafem\defect-test.cpp">
      <Filter>Source Files %28kernel%29\lafem</Filter>
    </ClCompile>
    <ClCompile Include="..\kernel\lafem\richardson-test.cpp">
      <Filter>Source Files %28kernel%29\lafem</Filter>
    </ClCompile>
    <ClCompile Include="..\kernel\lafem\bicgstab-test.cpp">
      <Filter>Source Files %28kernel%29\lafem</Filter>
    </ClCompile>
    <ClCompile Include="..\kernel\lafem\scale-test.cpp">
      <Filter>Source Files %28kernel%29\lafem</Filter>
    </ClCompile>
    <ClCompile Include="..\kernel\foundation\mesh_control-test.cpp">
      <Filter>Source Files %28kernel%29\foundation</Filter>
    </ClCompile>
  </ItemGroup>
</Project>