
Microsoft Visual Studio Solution File, Format Version 11.00
# Visual Studio 2010
Project("{8BC9CEB8-8B4A-11D0-8D11-00A0C91BC942}") = "test_system", "test_system.vcxproj", "{406ECADF-789C-4A4A-997F-09DD444083FC}"
EndProject
Project("{8BC9CEB8-8B4A-11D0-8D11-00A0C91BC942}") = "kernel", "..\..\kernel\vc10\kernel.vcxproj", "{98608C16-F806-46BE-BDB4-77BA4023DC38}"
EndProject
Global
	GlobalSection(SolutionConfigurationPlatforms) = preSolution
		dbg-mpi|Win32 = dbg-mpi|Win32
		dbg-mpi|Win64 = dbg-mpi|Win64
		dbg-srl|Win32 = dbg-srl|Win32
		dbg-srl|Win64 = dbg-srl|Win64
		opt-mpi|Win32 = opt-mpi|Win32
		opt-mpi|Win64 = opt-mpi|Win64
		opt-srl|Win32 = opt-srl|Win32
		opt-srl|Win64 = opt-srl|Win64
	EndGlobalSection
	GlobalSection(ProjectConfigurationPlatforms) = postSolution
		{406ECADF-789C-4A4A-997F-09DD444083FC}.dbg-mpi|Win32.ActiveCfg = dbg-mpi|Win32
		{406ECADF-789C-4A4A-997F-09DD444083FC}.dbg-mpi|Win32.Build.0 = dbg-mpi|Win32
		{406ECADF-789C-4A4A-997F-09DD444083FC}.dbg-mpi|Win64.ActiveCfg = dbg-mpi|x64
		{406ECADF-789C-4A4A-997F-09DD444083FC}.dbg-mpi|Win64.Build.0 = dbg-mpi|x64
		{406ECADF-789C-4A4A-997F-09DD444083FC}.dbg-srl|Win32.ActiveCfg = dbg-srl|Win32
		{406ECADF-789C-4A4A-997F-09DD444083FC}.dbg-srl|Win32.Build.0 = dbg-srl|Win32
		{406ECADF-789C-4A4A-997F-09DD444083FC}.dbg-srl|Win64.ActiveCfg = dbg-srl|x64
		{406ECADF-789C-4A4A-997F-09DD444083FC}.dbg-srl|Win64.Build.0 = dbg-srl|x64
		{406ECADF-789C-4A4A-997F-09DD444083FC}.opt-mpi|Win32.ActiveCfg = opt-mpi|Win32
		{406ECADF-789C-4A4A-997F-09DD444083FC}.opt-mpi|Win32.Build.0 = opt-mpi|Win32
		{406ECADF-789C-4A4A-997F-09DD444083FC}.opt-mpi|Win64.ActiveCfg = opt-mpi|x64
		{406ECADF-789C-4A4A-997F-09DD444083FC}.opt-mpi|Win64.Build.0 = opt-mpi|x64
		{406ECADF-789C-4A4A-997F-09DD444083FC}.opt-srl|Win32.ActiveCfg = opt-srl|Win32
		{406ECADF-789C-4A4A-997F-09DD444083FC}.opt-srl|Win32.Build.0 = opt-srl|Win32
		{406ECADF-789C-4A4A-997F-09DD444083FC}.opt-srl|Win64.ActiveCfg = opt-srl|x64
		{406ECADF-789C-4A4A-997F-09DD444083FC}.opt-srl|Win64.Build.0 = opt-srl|x64
		{98608C16-F806-46BE-BDB4-77BA4023DC38}.dbg-mpi|Win32.ActiveCfg = dbg-mpi|Win32
		{98608C16-F806-46BE-BDB4-77BA4023DC38}.dbg-mpi|Win32.Build.0 = dbg-mpi|Win32
		{98608C16-F806-46BE-BDB4-77BA4023DC38}.dbg-mpi|Win64.ActiveCfg = dbg-mpi|x64
		{98608C16-F806-46BE-BDB4-77BA4023DC38}.dbg-mpi|Win64.Build.0 = dbg-mpi|x64
		{98608C16-F806-46BE-BDB4-77BA4023DC38}.dbg-srl|Win32.ActiveCfg = dbg-srl|Win32
		{98608C16-F806-46BE-BDB4-77BA4023DC38}.dbg-srl|Win32.Build.0 = dbg-srl|Win32
		{98608C16-F806-46BE-BDB4-77BA4023DC38}.dbg-srl|Win64.ActiveCfg = dbg-srl|x64
		{98608C16-F806-46BE-BDB4-77BA4023DC38}.dbg-srl|Win64.Build.0 = dbg-srl|x64
		{98608C16-F806-46BE-BDB4-77BA4023DC38}.opt-mpi|Win32.ActiveCfg = opt-mpi|Win32
		{98608C16-F806-46BE-BDB4-77BA4023DC38}.opt-mpi|Win32.Build.0 = opt-mpi|Win32
		{98608C16-F806-46BE-BDB4-77BA4023DC38}.opt-mpi|Win64.ActiveCfg = opt-mpi|x64
		{98608C16-F806-46BE-BDB4-77BA4023DC38}.opt-mpi|Win64.Build.0 = opt-mpi|x64
		{98608C16-F806-46BE-BDB4-77BA4023DC38}.opt-srl|Win32.ActiveCfg = opt-srl|Win32
		{98608C16-F806-46BE-BDB4-77BA4023DC38}.opt-srl|Win32.Build.0 = opt-srl|Win32
		{98608C16-F806-46BE-BDB4-77BA4023DC38}.opt-srl|Win64.ActiveCfg = opt-srl|x64
		{98608C16-F806-46BE-BDB4-77BA4023DC38}.opt-srl|Win64.Build.0 = opt-srl|x64
	EndGlobalSection
	GlobalSection(SolutionProperties) = preSolution
		HideSolutionNode = FALSE
	EndGlobalSection
EndGlobal
