<?xml version="1.0" encoding="utf-8"?>
<Project ToolsVersion="4.0" xmlns="http://schemas.microsoft.com/developer/msbuild/2003">
  <ItemGroup>
    <Filter Include="Header Files %28kernel%29">
      <UniqueIdentifier>{724E8199-111C-4B40-AE3D-09ED49F2939F}</UniqueIdentifier>
    </Filter>
    <Filter Include="Header Files %28kernel%29\geometry">
      <UniqueIdentifier>{66f3b1a4-01ba-4df6-88e6-52bb10753b2d}</UniqueIdentifier>
    </Filter>
    <Filter Include="Header Files %28kernel%29\geometry\test_aux">
      <UniqueIdentifier>{622dd7da-c648-4274-8ea2-0b94311cb33a}</UniqueIdentifier>
    </Filter>
    <Filter Include="Header Files %28test_system%29">
      <UniqueIdentifier>{4FB69171-4585-455C-9797-217D03CE164C}</UniqueIdentifier>
    </Filter>
    <Filter Include="Source Files %28kernel%29">
      <UniqueIdentifier>{da701b60-d760-4c17-9708-cca6099b25d2}</UniqueIdentifier>
    </Filter>
    <Filter Include="Source Files %28kernel%29\assembly">
      <UniqueIdentifier>{05e3b9ec-323e-4f6a-b577-5bbf735cf7a6}</UniqueIdentifier>
    </Filter>
    <Filter Include="Source Files %28kernel%29\cubature">
      <UniqueIdentifier>{170bf4ec-423e-4ee5-a436-6b9829df3611}</UniqueIdentifier>
    </Filter>
    <Filter Include="Source Files %28kernel%29\foundation">
      <UniqueIdentifier>{5dddff6c-844f-4264-8001-7e7b9c9cfa87}</UniqueIdentifier>
    </Filter>
    <Filter Include="Source Files %28kernel%29\geometry">
      <UniqueIdentifier>{f2f96cd7-8a99-4977-9724-30cf8ac3c981}</UniqueIdentifier>
    </Filter>
    <Filter Include="Source Files %28kernel%29\geometry\test_aux">
      <UniqueIdentifier>{a0d4dc09-49b3-46c8-92a3-655fa9a1f25f}</UniqueIdentifier>
    </Filter>
    <Filter Include="Source Files %28kernel%29\lafem">
      <UniqueIdentifier>{22702db0-da04-4d9c-bc44-f63bfaf4978f}</UniqueIdentifier>
    </Filter>
    <Filter Include="Source Files %28kernel%29\space">
      <UniqueIdentifier>{b790005d-0ec8-4ecc-baf3-19e740e153e0}</UniqueIdentifier>
    </Filter>
    <Filter Include="Source Files %28kernel%29\trafo">
      <UniqueIdentifier>{f3c2bafb-8e62-47c9-aaf4-1e2c22048767}</UniqueIdentifier>
    </Filter>
    <Filter Include="Source Files %28kernel%29\util">
      <UniqueIdentifier>{f16ebd9f-6b6f-40e1-a277-9685dc6a1897}</UniqueIdentifier>
    </Filter>
    <Filter Include="Source Files %28test_system%29">
      <UniqueIdentifier>{a1d0d675-e19e-453f-bc47-76259a411898}</UniqueIdentifier>
    </Filter>
    <Filter Include="Source Files %28kernel%29\scarc">
      <UniqueIdentifier>{5453b50f-651c-4fbc-83d5-15a827cb2f5c}</UniqueIdentifier>
    </Filter>
  </ItemGroup>
  <ItemGroup>
    <ClInclude Include="..\..\kernel\geometry\test_aux\copy_comp_set.hpp">
      <Filter>Header Files %28kernel%29\geometry\test_aux</Filter>
    </ClInclude>
    <ClInclude Include="..\..\kernel\geometry\test_aux\index_calculator_meshes.hpp">
      <Filter>Header Files %28kernel%29\geometry\test_aux</Filter>
    </ClInclude>
    <ClInclude Include="..\..\kernel\geometry\test_aux\standard_hexa.hpp">
      <Filter>Header Files %28kernel%29\geometry\test_aux</Filter>
    </ClInclude>
    <ClInclude Include="..\..\kernel\geometry\test_aux\standard_quad.hpp">
      <Filter>Header Files %28kernel%29\geometry\test_aux</Filter>
    </ClInclude>
    <ClInclude Include="..\..\kernel\geometry\test_aux\standard_tetra.hpp">
      <Filter>Header Files %28kernel%29\geometry\test_aux</Filter>
    </ClInclude>
    <ClInclude Include="..\..\kernel\geometry\test_aux\standard_tria.hpp">
      <Filter>Header Files %28kernel%29\geometry\test_aux</Filter>
    </ClInclude>
    <ClInclude Include="..\..\kernel\geometry\test_aux\tetris_factory.hpp">
      <Filter>Header Files %28kernel%29\geometry\test_aux</Filter>
    </ClInclude>
    <ClInclude Include="..\..\kernel\geometry\test_aux\tetris_hexa.hpp">
      <Filter>Header Files %28kernel%29\geometry\test_aux</Filter>
    </ClInclude>
    <ClInclude Include="..\..\kernel\geometry\test_aux\tetris_quad.hpp">
      <Filter>Header Files %28kernel%29\geometry\test_aux</Filter>
    </ClInclude>
    <ClInclude Include="..\..\kernel\geometry\test_aux\validate_structured_meshes.hpp">
      <Filter>Header Files %28kernel%29\geometry\test_aux</Filter>
    </ClInclude>
    <ClInclude Include="..\test_system.hpp">
      <Filter>Header Files %28test_system%29</Filter>
    </ClInclude>
  </ItemGroup>
  <ItemGroup>
    <ClCompile Include="..\..\kernel\assembly\grid_transfer-test.cpp">
      <Filter>Source Files %28kernel%29\assembly</Filter>
    </ClCompile>
    <ClCompile Include="..\..\kernel\foundation\attribute-test.cpp">
      <Filter>Source Files %28kernel%29\foundation</Filter>
    </ClCompile>
    <ClCompile Include="..\..\kernel\foundation\buffer-test.cpp">
      <Filter>Source Files %28kernel%29\foundation</Filter>
    </ClCompile>
    <ClCompile Include="..\..\kernel\foundation\communication-test.cpp">
      <Filter>Source Files %28kernel%29\foundation</Filter>
    </ClCompile>
    <ClCompile Include="..\..\kernel\foundation\dense_data_wrapper-test.cpp">
      <Filter>Source Files %28kernel%29\foundation</Filter>
    </ClCompile>
    <ClCompile Include="..\..\kernel\foundation\functor-test.cpp">
      <Filter>Source Files %28kernel%29\foundation</Filter>
    </ClCompile>
    <ClCompile Include="..\..\kernel\foundation\halo_control-test.cpp">
      <Filter>Source Files %28kernel%29\foundation</Filter>
    </ClCompile>
    <ClCompile Include="..\..\kernel\foundation\halo-test.cpp">
      <Filter>Source Files %28kernel%29\foundation</Filter>
    </ClCompile>
    <ClCompile Include="..\..\kernel\foundation\mesh_control-test.cpp">
      <Filter>Source Files %28kernel%29\foundation</Filter>
    </ClCompile>
    <ClCompile Include="..\..\kernel\foundation\mesh-test.cpp">
      <Filter>Source Files %28kernel%29\foundation</Filter>
    </ClCompile>
    <ClCompile Include="..\..\kernel\foundation\topology-test.cpp">
      <Filter>Source Files %28kernel%29\foundation</Filter>
    </ClCompile>
    <ClCompile Include="..\..\kernel\geometry\test_aux\index_calculator_meshes.cpp">
      <Filter>Source Files %28kernel%29\geometry\test_aux</Filter>
    </ClCompile>
    <ClCompile Include="..\..\kernel\geometry\test_aux\standard_hexa.cpp">
      <Filter>Source Files %28kernel%29\geometry\test_aux</Filter>
    </ClCompile>
    <ClCompile Include="..\..\kernel\geometry\test_aux\standard_quad.cpp">
      <Filter>Source Files %28kernel%29\geometry\test_aux</Filter>
    </ClCompile>
    <ClCompile Include="..\..\kernel\geometry\test_aux\standard_tetra.cpp">
      <Filter>Source Files %28kernel%29\geometry\test_aux</Filter>
    </ClCompile>
    <ClCompile Include="..\..\kernel\geometry\test_aux\standard_tria.cpp">
      <Filter>Source Files %28kernel%29\geometry\test_aux</Filter>
    </ClCompile>
    <ClCompile Include="..\..\kernel\geometry\test_aux\tetris_hexa.cpp">
      <Filter>Source Files %28kernel%29\geometry\test_aux</Filter>
    </ClCompile>
    <ClCompile Include="..\..\kernel\geometry\test_aux\tetris_quad.cpp">
      <Filter>Source Files %28kernel%29\geometry\test_aux</Filter>
    </ClCompile>
    <ClCompile Include="..\..\kernel\geometry\test_aux\validate_structured_meshes.cpp">
      <Filter>Source Files %28kernel%29\geometry\test_aux</Filter>
    </ClCompile>
    <ClCompile Include="..\..\kernel\geometry\index_calculator-test.cpp">
      <Filter>Source Files %28kernel%29\geometry</Filter>
    </ClCompile>
    <ClCompile Include="..\..\kernel\geometry\mesh_node-test-conf-quad.cpp">
      <Filter>Source Files %28kernel%29\geometry</Filter>
    </ClCompile>
    <ClCompile Include="..\..\kernel\geometry\standard_refinery-test-conf-hexa.cpp">
      <Filter>Source Files %28kernel%29\geometry</Filter>
    </ClCompile>
    <ClCompile Include="..\..\kernel\geometry\standard_refinery-test-conf-quad.cpp">
      <Filter>Source Files %28kernel%29\geometry</Filter>
    </ClCompile>
    <ClCompile Include="..\..\kernel\geometry\standard_refinery-test-conf-tetra.cpp">
      <Filter>Source Files %28kernel%29\geometry</Filter>
    </ClCompile>
    <ClCompile Include="..\..\kernel\geometry\standard_refinery-test-conf-tria.cpp">
      <Filter>Source Files %28kernel%29\geometry</Filter>
    </ClCompile>
    <ClCompile Include="..\..\kernel\geometry\standard_refinery-test-struct-hexa.cpp">
      <Filter>Source Files %28kernel%29\geometry</Filter>
    </ClCompile>
    <ClCompile Include="..\..\kernel\geometry\standard_refinery-test-struct-quad.cpp">
      <Filter>Source Files %28kernel%29\geometry</Filter>
    </ClCompile>
    <ClCompile Include="..\..\kernel\geometry\struct_index_mapping-test.cpp">
      <Filter>Source Files %28kernel%29\geometry</Filter>
    </ClCompile>
    <ClCompile Include="..\..\kernel\lafem\axpy-test.cpp">
      <Filter>Source Files %28kernel%29\lafem</Filter>
    </ClCompile>
    <ClCompile Include="..\..\kernel\lafem\bicgstab-test.cpp">
      <Filter>Source Files %28kernel%29\lafem</Filter>
    </ClCompile>
    <ClCompile Include="..\..\kernel\lafem\component_product-test.cpp">
      <Filter>Source Files %28kernel%29\lafem</Filter>
    </ClCompile>
    <ClCompile Include="..\..\kernel\lafem\defect-test.cpp">
      <Filter>Source Files %28kernel%29\lafem</Filter>
    </ClCompile>
    <ClCompile Include="..\..\kernel\lafem\dense_vector-test.cpp">
      <Filter>Source Files %28kernel%29\lafem</Filter>
    </ClCompile>
    <ClCompile Include="..\..\kernel\lafem\difference-test.cpp">
      <Filter>Source Files %28kernel%29\lafem</Filter>
    </ClCompile>
    <ClCompile Include="..\..\kernel\lafem\dot_product-test.cpp">
      <Filter>Source Files %28kernel%29\lafem</Filter>
    </ClCompile>
    <ClCompile Include="..\..\kernel\lafem\norm-test.cpp">
      <Filter>Source Files %28kernel%29\lafem</Filter>
    </ClCompile>
    <ClCompile Include="..\..\kernel\lafem\product-test.cpp">
      <Filter>Source Files %28kernel%29\lafem</Filter>
    </ClCompile>
    <ClCompile Include="..\..\kernel\lafem\product_matvec-test.cpp">
      <Filter>Source Files %28kernel%29\lafem</Filter>
    </ClCompile>
    <ClCompile Include="..\..\kernel\lafem\richardson-test.cpp">
      <Filter>Source Files %28kernel%29\lafem</Filter>
    </ClCompile>
    <ClCompile Include="..\..\kernel\lafem\scale-test.cpp">
      <Filter>Source Files %28kernel%29\lafem</Filter>
    </ClCompile>
    <ClCompile Include="..\..\kernel\lafem\sparse_matrix_coo-test.cpp">
      <Filter>Source Files %28kernel%29\lafem</Filter>
    </ClCompile>
    <ClCompile Include="..\..\kernel\lafem\sparse_matrix_csr-test.cpp">
      <Filter>Source Files %28kernel%29\lafem</Filter>
    </ClCompile>
    <ClCompile Include="..\..\kernel\lafem\sparse_matrix_ell-test.cpp">
      <Filter>Source Files %28kernel%29\lafem</Filter>
    </ClCompile>
    <ClCompile Include="..\..\kernel\lafem\sum-test.cpp">
      <Filter>Source Files %28kernel%29\lafem</Filter>
    </ClCompile>
    <ClCompile Include="..\..\kernel\lafem\transposition-test.cpp">
      <Filter>Source Files %28kernel%29\lafem</Filter>
    </ClCompile>
    <ClCompile Include="..\..\kernel\space\discontinuous-test.cpp">
      <Filter>Source Files %28kernel%29\space</Filter>
    </ClCompile>
    <ClCompile Include="..\..\kernel\space\lagrange1-test.cpp">
      <Filter>Source Files %28kernel%29\space</Filter>
    </ClCompile>
    <ClCompile Include="..\..\kernel\space\rannacher_turek-test.cpp">
      <Filter>Source Files %28kernel%29\space</Filter>
    </ClCompile>
    <ClCompile Include="..\..\kernel\util\assertion-test.cpp">
      <Filter>Source Files %28kernel%29\util</Filter>
    </ClCompile>
    <ClCompile Include="..\..\kernel\util\colouring-test.cpp">
      <Filter>Source Files %28kernel%29\util</Filter>
    </ClCompile>
    <ClCompile Include="..\..\kernel\util\cuthill_mckee-test.cpp">
      <Filter>Source Files %28kernel%29\util</Filter>
    </ClCompile>
    <ClCompile Include="..\..\kernel\util\factorial-test.cpp">
      <Filter>Source Files %28kernel%29\util</Filter>
    </ClCompile>
    <ClCompile Include="..\..\kernel\util\graph-test.cpp">
      <Filter>Source Files %28kernel%29\util</Filter>
    </ClCompile>
    <ClCompile Include="..\..\kernel\util\inheritance-test.cpp">
      <Filter>Source Files %28kernel%29\util</Filter>
    </ClCompile>
    <ClCompile Include="..\..\kernel\util\linear_algebra-test.cpp">
      <Filter>Source Files %28kernel%29\util</Filter>
    </ClCompile>
    <ClCompile Include="..\..\kernel\util\mesh_reader-test.cpp">
      <Filter>Source Files %28kernel%29\util</Filter>
    </ClCompile>
    <ClCompile Include="..\..\kernel\util\param_section-test.cpp">
      <Filter>Source Files %28kernel%29\util</Filter>
    </ClCompile>
    <ClCompile Include="..\..\kernel\util\permutation-test.cpp">
      <Filter>Source Files %28kernel%29\util</Filter>
    </ClCompile>
    <ClCompile Include="..\..\kernel\util\string-test.cpp">
      <Filter>Source Files %28kernel%29\util</Filter>
    </ClCompile>
    <ClCompile Include="..\..\kernel\util\tiny_algebra-test.cpp">
      <Filter>Source Files %28kernel%29\util</Filter>
    </ClCompile>
    <ClCompile Include="..\..\kernel\shape-test.cpp">
      <Filter>Source Files %28kernel%29</Filter>
    </ClCompile>
    <ClCompile Include="..\test_system.cpp">
      <Filter>Source Files %28test_system%29</Filter>
    </ClCompile>
    <ClCompile Include="..\test_system-test.cpp">
      <Filter>Source Files %28test_system%29</Filter>
    </ClCompile>
    <ClCompile Include="..\..\kernel\lafem\sparse_matrix_conversion-test.cpp">
      <Filter>Source Files %28kernel%29\lafem</Filter>
    </ClCompile>
    <ClCompile Include="..\..\kernel\scarc\matrix-test.cpp">
      <Filter>Source Files %28kernel%29\scarc</Filter>
    </ClCompile>
    <ClCompile Include="..\..\kernel\scarc\solver_data-test.cpp">
      <Filter>Source Files %28kernel%29\scarc</Filter>
    </ClCompile>
    <ClCompile Include="..\..\kernel\scarc\solver_functor-test.cpp">
      <Filter>Source Files %28kernel%29\scarc</Filter>
    </ClCompile>
    <ClCompile Include="..\..\kernel\scarc\solver_pattern-test.cpp">
      <Filter>Source Files %28kernel%29\scarc</Filter>
    </ClCompile>
    <ClCompile Include="..\..\kernel\scarc\vector-test.cpp">
      <Filter>Source Files %28kernel%29\scarc</Filter>
    </ClCompile>
  </ItemGroup>
</Project>