
Microsoft Visual Studio Solution File, Format Version 11.00
# Visual Studio 2010
Project("{8BC9CEB8-8B4A-11D0-8D11-00A0C91BC942}") = "kernel-test.vc10", "kernel-test.vc10.vcxproj", "{406ECADF-789C-4A4A-997F-09DD444083FC}"
EndProject
Project("{8BC9CEB8-8B4A-11D0-8D11-00A0C91BC942}") = "kernel.vc10", "kernel.vc10.vcxproj", "{98608C16-F806-46BE-BDB4-77BA4023DC38}"
EndProject
Global
	GlobalSection(SolutionConfigurationPlatforms) = preSolution
		dbg|Win32 = dbg|Win32
		dbg|x64 = dbg|x64
		dbg-cuda|Win32 = dbg-cuda|Win32
		dbg-cuda|x64 = dbg-cuda|x64
		dbg-cuda-mkl|Win32 = dbg-cuda-mkl|Win32
		dbg-cuda-mkl|x64 = dbg-cuda-mkl|x64
		dbg-cuda-mkl-mpi|Win32 = dbg-cuda-mkl-mpi|Win32
		dbg-cuda-mkl-mpi|x64 = dbg-cuda-mkl-mpi|x64
		dbg-cuda-mpi|Win32 = dbg-cuda-mpi|Win32
		dbg-cuda-mpi|x64 = dbg-cuda-mpi|x64
		dbg-mkl|Win32 = dbg-mkl|Win32
		dbg-mkl|x64 = dbg-mkl|x64
		dbg-mkl-mpi|Win32 = dbg-mkl-mpi|Win32
		dbg-mkl-mpi|x64 = dbg-mkl-mpi|x64
		dbg-mpi|Win32 = dbg-mpi|Win32
		dbg-mpi|x64 = dbg-mpi|x64
		opt|Win32 = opt|Win32
		opt|x64 = opt|x64
		opt-cuda|Win32 = opt-cuda|Win32
		opt-cuda|x64 = opt-cuda|x64
		opt-cuda-mkl|Win32 = opt-cuda-mkl|Win32
		opt-cuda-mkl|x64 = opt-cuda-mkl|x64
		opt-cuda-mkl-mpi|Win32 = opt-cuda-mkl-mpi|Win32
		opt-cuda-mkl-mpi|x64 = opt-cuda-mkl-mpi|x64
		opt-cuda-mpi|Win32 = opt-cuda-mpi|Win32
		opt-cuda-mpi|x64 = opt-cuda-mpi|x64
		opt-mkl|Win32 = opt-mkl|Win32
		opt-mkl|x64 = opt-mkl|x64
		opt-mkl-mpi|Win32 = opt-mkl-mpi|Win32
		opt-mkl-mpi|x64 = opt-mkl-mpi|x64
		opt-mpi|Win32 = opt-mpi|Win32
		opt-mpi|x64 = opt-mpi|x64
	EndGlobalSection
	GlobalSection(ProjectConfigurationPlatforms) = postSolution
		{406ECADF-789C-4A4A-997F-09DD444083FC}.dbg|Win32.ActiveCfg = dbg|Win32
		{406ECADF-789C-4A4A-997F-09DD444083FC}.dbg|Win32.Build.0 = dbg|Win32
		{406ECADF-789C-4A4A-997F-09DD444083FC}.dbg|x64.ActiveCfg = dbg|x64
		{406ECADF-789C-4A4A-997F-09DD444083FC}.dbg|x64.Build.0 = dbg|x64
		{406ECADF-789C-4A4A-997F-09DD444083FC}.dbg-cuda|Win32.ActiveCfg = dbg-cuda|Win32
		{406ECADF-789C-4A4A-997F-09DD444083FC}.dbg-cuda|Win32.Build.0 = dbg-cuda|Win32
		{406ECADF-789C-4A4A-997F-09DD444083FC}.dbg-cuda|x64.ActiveCfg = dbg-cuda|x64
		{406ECADF-789C-4A4A-997F-09DD444083FC}.dbg-cuda|x64.Build.0 = dbg-cuda|x64
		{406ECADF-789C-4A4A-997F-09DD444083FC}.dbg-cuda-mkl|Win32.ActiveCfg = dbg-cuda-mkl|Win32
		{406ECADF-789C-4A4A-997F-09DD444083FC}.dbg-cuda-mkl|Win32.Build.0 = dbg-cuda-mkl|Win32
		{406ECADF-789C-4A4A-997F-09DD444083FC}.dbg-cuda-mkl|x64.ActiveCfg = dbg-cuda-mkl|x64
		{406ECADF-789C-4A4A-997F-09DD444083FC}.dbg-cuda-mkl|x64.Build.0 = dbg-cuda-mkl|x64
		{406ECADF-789C-4A4A-997F-09DD444083FC}.dbg-cuda-mkl-mpi|Win32.ActiveCfg = dbg-cuda-mkl-mpi|Win32
		{406ECADF-789C-4A4A-997F-09DD444083FC}.dbg-cuda-mkl-mpi|Win32.Build.0 = dbg-cuda-mkl-mpi|Win32
		{406ECADF-789C-4A4A-997F-09DD444083FC}.dbg-cuda-mkl-mpi|x64.ActiveCfg = dbg-cuda-mkl-mpi|x64
		{406ECADF-789C-4A4A-997F-09DD444083FC}.dbg-cuda-mkl-mpi|x64.Build.0 = dbg-cuda-mkl-mpi|x64
		{406ECADF-789C-4A4A-997F-09DD444083FC}.dbg-cuda-mpi|Win32.ActiveCfg = dbg-cuda-mpi|Win32
		{406ECADF-789C-4A4A-997F-09DD444083FC}.dbg-cuda-mpi|Win32.Build.0 = dbg-cuda-mpi|Win32
		{406ECADF-789C-4A4A-997F-09DD444083FC}.dbg-cuda-mpi|x64.ActiveCfg = dbg-cuda-mpi|x64
		{406ECADF-789C-4A4A-997F-09DD444083FC}.dbg-cuda-mpi|x64.Build.0 = dbg-cuda-mpi|x64
		{406ECADF-789C-4A4A-997F-09DD444083FC}.dbg-mkl|Win32.ActiveCfg = dbg-mkl|Win32
		{406ECADF-789C-4A4A-997F-09DD444083FC}.dbg-mkl|Win32.Build.0 = dbg-mkl|Win32
		{406ECADF-789C-4A4A-997F-09DD444083FC}.dbg-mkl|x64.ActiveCfg = dbg-mkl|x64
		{406ECADF-789C-4A4A-997F-09DD444083FC}.dbg-mkl|x64.Build.0 = dbg-mkl|x64
		{406ECADF-789C-4A4A-997F-09DD444083FC}.dbg-mkl-mpi|Win32.ActiveCfg = dbg-mkl-mpi|Win32
		{406ECADF-789C-4A4A-997F-09DD444083FC}.dbg-mkl-mpi|Win32.Build.0 = dbg-mkl-mpi|Win32
		{406ECADF-789C-4A4A-997F-09DD444083FC}.dbg-mkl-mpi|x64.ActiveCfg = dbg-mkl-mpi|x64
		{406ECADF-789C-4A4A-997F-09DD444083FC}.dbg-mkl-mpi|x64.Build.0 = dbg-mkl-mpi|x64
		{406ECADF-789C-4A4A-997F-09DD444083FC}.dbg-mpi|Win32.ActiveCfg = dbg-mpi|Win32
		{406ECADF-789C-4A4A-997F-09DD444083FC}.dbg-mpi|Win32.Build.0 = dbg-mpi|Win32
		{406ECADF-789C-4A4A-997F-09DD444083FC}.dbg-mpi|x64.ActiveCfg = dbg-mpi|x64
		{406ECADF-789C-4A4A-997F-09DD444083FC}.dbg-mpi|x64.Build.0 = dbg-mpi|x64
		{406ECADF-789C-4A4A-997F-09DD444083FC}.opt|Win32.ActiveCfg = opt|Win32
		{406ECADF-789C-4A4A-997F-09DD444083FC}.opt|Win32.Build.0 = opt|Win32
		{406ECADF-789C-4A4A-997F-09DD444083FC}.opt|x64.ActiveCfg = opt|x64
		{406ECADF-789C-4A4A-997F-09DD444083FC}.opt|x64.Build.0 = opt|x64
		{406ECADF-789C-4A4A-997F-09DD444083FC}.opt-cuda|Win32.ActiveCfg = opt-cuda|Win32
		{406ECADF-789C-4A4A-997F-09DD444083FC}.opt-cuda|Win32.Build.0 = opt-cuda|Win32
		{406ECADF-789C-4A4A-997F-09DD444083FC}.opt-cuda|x64.ActiveCfg = opt-cuda|x64
		{406ECADF-789C-4A4A-997F-09DD444083FC}.opt-cuda|x64.Build.0 = opt-cuda|x64
		{406ECADF-789C-4A4A-997F-09DD444083FC}.opt-cuda-mkl|Win32.ActiveCfg = opt-cuda-mkl|Win32
		{406ECADF-789C-4A4A-997F-09DD444083FC}.opt-cuda-mkl|Win32.Build.0 = opt-cuda-mkl|Win32
		{406ECADF-789C-4A4A-997F-09DD444083FC}.opt-cuda-mkl|x64.ActiveCfg = opt-cuda-mkl|x64
		{406ECADF-789C-4A4A-997F-09DD444083FC}.opt-cuda-mkl|x64.Build.0 = opt-cuda-mkl|x64
		{406ECADF-789C-4A4A-997F-09DD444083FC}.opt-cuda-mkl-mpi|Win32.ActiveCfg = opt-cuda-mkl-mpi|Win32
		{406ECADF-789C-4A4A-997F-09DD444083FC}.opt-cuda-mkl-mpi|Win32.Build.0 = opt-cuda-mkl-mpi|Win32
		{406ECADF-789C-4A4A-997F-09DD444083FC}.opt-cuda-mkl-mpi|x64.ActiveCfg = opt-cuda-mkl-mpi|x64
		{406ECADF-789C-4A4A-997F-09DD444083FC}.opt-cuda-mkl-mpi|x64.Build.0 = opt-cuda-mkl-mpi|x64
		{406ECADF-789C-4A4A-997F-09DD444083FC}.opt-cuda-mpi|Win32.ActiveCfg = opt-cuda-mpi|Win32
		{406ECADF-789C-4A4A-997F-09DD444083FC}.opt-cuda-mpi|Win32.Build.0 = opt-cuda-mpi|Win32
		{406ECADF-789C-4A4A-997F-09DD444083FC}.opt-cuda-mpi|x64.ActiveCfg = opt-cuda-mpi|x64
		{406ECADF-789C-4A4A-997F-09DD444083FC}.opt-cuda-mpi|x64.Build.0 = opt-cuda-mpi|x64
		{406ECADF-789C-4A4A-997F-09DD444083FC}.opt-mkl|Win32.ActiveCfg = opt-mkl|Win32
		{406ECADF-789C-4A4A-997F-09DD444083FC}.opt-mkl|Win32.Build.0 = opt-mkl|Win32
		{406ECADF-789C-4A4A-997F-09DD444083FC}.opt-mkl|x64.ActiveCfg = opt-mkl|x64
		{406ECADF-789C-4A4A-997F-09DD444083FC}.opt-mkl|x64.Build.0 = opt-mkl|x64
		{406ECADF-789C-4A4A-997F-09DD444083FC}.opt-mkl-mpi|Win32.ActiveCfg = opt-mkl-mpi|Win32
		{406ECADF-789C-4A4A-997F-09DD444083FC}.opt-mkl-mpi|Win32.Build.0 = opt-mkl-mpi|Win32
		{406ECADF-789C-4A4A-997F-09DD444083FC}.opt-mkl-mpi|x64.ActiveCfg = opt-mkl-mpi|x64
		{406ECADF-789C-4A4A-997F-09DD444083FC}.opt-mkl-mpi|x64.Build.0 = opt-mkl-mpi|x64
		{406ECADF-789C-4A4A-997F-09DD444083FC}.opt-mpi|Win32.ActiveCfg = opt-mpi|Win32
		{406ECADF-789C-4A4A-997F-09DD444083FC}.opt-mpi|Win32.Build.0 = opt-mpi|Win32
		{406ECADF-789C-4A4A-997F-09DD444083FC}.opt-mpi|x64.ActiveCfg = opt-mpi|x64
		{406ECADF-789C-4A4A-997F-09DD444083FC}.opt-mpi|x64.Build.0 = opt-mpi|x64
		{98608C16-F806-46BE-BDB4-77BA4023DC38}.dbg|Win32.ActiveCfg = dbg|Win32
		{98608C16-F806-46BE-BDB4-77BA4023DC38}.dbg|Win32.Build.0 = dbg|Win32
		{98608C16-F806-46BE-BDB4-77BA4023DC38}.dbg|x64.ActiveCfg = dbg|x64
		{98608C16-F806-46BE-BDB4-77BA4023DC38}.dbg|x64.Build.0 = dbg|x64
		{98608C16-F806-46BE-BDB4-77BA4023DC38}.dbg-cuda|Win32.ActiveCfg = dbg-cuda|Win32
		{98608C16-F806-46BE-BDB4-77BA4023DC38}.dbg-cuda|Win32.Build.0 = dbg-cuda|Win32
		{98608C16-F806-46BE-BDB4-77BA4023DC38}.dbg-cuda|x64.ActiveCfg = dbg-cuda|x64
		{98608C16-F806-46BE-BDB4-77BA4023DC38}.dbg-cuda|x64.Build.0 = dbg-cuda|x64
		{98608C16-F806-46BE-BDB4-77BA4023DC38}.dbg-cuda-mkl|Win32.ActiveCfg = dbg-cuda-mkl|Win32
		{98608C16-F806-46BE-BDB4-77BA4023DC38}.dbg-cuda-mkl|Win32.Build.0 = dbg-cuda-mkl|Win32
		{98608C16-F806-46BE-BDB4-77BA4023DC38}.dbg-cuda-mkl|x64.ActiveCfg = dbg-cuda-mkl|x64
		{98608C16-F806-46BE-BDB4-77BA4023DC38}.dbg-cuda-mkl|x64.Build.0 = dbg-cuda-mkl|x64
		{98608C16-F806-46BE-BDB4-77BA4023DC38}.dbg-cuda-mkl-mpi|Win32.ActiveCfg = dbg-cuda-mkl-mpi|Win32
		{98608C16-F806-46BE-BDB4-77BA4023DC38}.dbg-cuda-mkl-mpi|Win32.Build.0 = dbg-cuda-mkl-mpi|Win32
		{98608C16-F806-46BE-BDB4-77BA4023DC38}.dbg-cuda-mkl-mpi|x64.ActiveCfg = dbg-cuda-mkl-mpi|x64
		{98608C16-F806-46BE-BDB4-77BA4023DC38}.dbg-cuda-mkl-mpi|x64.Build.0 = dbg-cuda-mkl-mpi|x64
		{98608C16-F806-46BE-BDB4-77BA4023DC38}.dbg-cuda-mpi|Win32.ActiveCfg = dbg-cuda-mpi|Win32
		{98608C16-F806-46BE-BDB4-77BA4023DC38}.dbg-cuda-mpi|Win32.Build.0 = dbg-cuda-mpi|Win32
		{98608C16-F806-46BE-BDB4-77BA4023DC38}.dbg-cuda-mpi|x64.ActiveCfg = dbg-cuda-mpi|x64
		{98608C16-F806-46BE-BDB4-77BA4023DC38}.dbg-cuda-mpi|x64.Build.0 = dbg-cuda-mpi|x64
		{98608C16-F806-46BE-BDB4-77BA4023DC38}.dbg-mkl|Win32.ActiveCfg = dbg-mkl|Win32
		{98608C16-F806-46BE-BDB4-77BA4023DC38}.dbg-mkl|Win32.Build.0 = dbg-mkl|Win32
		{98608C16-F806-46BE-BDB4-77BA4023DC38}.dbg-mkl|x64.ActiveCfg = dbg-mkl|x64
		{98608C16-F806-46BE-BDB4-77BA4023DC38}.dbg-mkl|x64.Build.0 = dbg-mkl|x64
		{98608C16-F806-46BE-BDB4-77BA4023DC38}.dbg-mkl-mpi|Win32.ActiveCfg = dbg-mkl-mpi|Win32
		{98608C16-F806-46BE-BDB4-77BA4023DC38}.dbg-mkl-mpi|Win32.Build.0 = dbg-mkl-mpi|Win32
		{98608C16-F806-46BE-BDB4-77BA4023DC38}.dbg-mkl-mpi|x64.ActiveCfg = dbg-mkl-mpi|x64
		{98608C16-F806-46BE-BDB4-77BA4023DC38}.dbg-mkl-mpi|x64.Build.0 = dbg-mkl-mpi|x64
		{98608C16-F806-46BE-BDB4-77BA4023DC38}.dbg-mpi|Win32.ActiveCfg = dbg-mpi|Win32
		{98608C16-F806-46BE-BDB4-77BA4023DC38}.dbg-mpi|Win32.Build.0 = dbg-mpi|Win32
		{98608C16-F806-46BE-BDB4-77BA4023DC38}.dbg-mpi|x64.ActiveCfg = dbg-mpi|x64
		{98608C16-F806-46BE-BDB4-77BA4023DC38}.dbg-mpi|x64.Build.0 = dbg-mpi|x64
		{98608C16-F806-46BE-BDB4-77BA4023DC38}.opt|Win32.ActiveCfg = opt|Win32
		{98608C16-F806-46BE-BDB4-77BA4023DC38}.opt|Win32.Build.0 = opt|Win32
		{98608C16-F806-46BE-BDB4-77BA4023DC38}.opt|x64.ActiveCfg = opt|x64
		{98608C16-F806-46BE-BDB4-77BA4023DC38}.opt|x64.Build.0 = opt|x64
		{98608C16-F806-46BE-BDB4-77BA4023DC38}.opt-cuda|Win32.ActiveCfg = opt-cuda|Win32
		{98608C16-F806-46BE-BDB4-77BA4023DC38}.opt-cuda|Win32.Build.0 = opt-cuda|Win32
		{98608C16-F806-46BE-BDB4-77BA4023DC38}.opt-cuda|x64.ActiveCfg = opt-cuda|x64
		{98608C16-F806-46BE-BDB4-77BA4023DC38}.opt-cuda|x64.Build.0 = opt-cuda|x64
		{98608C16-F806-46BE-BDB4-77BA4023DC38}.opt-cuda-mkl|Win32.ActiveCfg = opt-cuda-mkl|Win32
		{98608C16-F806-46BE-BDB4-77BA4023DC38}.opt-cuda-mkl|Win32.Build.0 = opt-cuda-mkl|Win32
		{98608C16-F806-46BE-BDB4-77BA4023DC38}.opt-cuda-mkl|x64.ActiveCfg = opt-cuda-mkl|x64
		{98608C16-F806-46BE-BDB4-77BA4023DC38}.opt-cuda-mkl|x64.Build.0 = opt-cuda-mkl|x64
		{98608C16-F806-46BE-BDB4-77BA4023DC38}.opt-cuda-mkl-mpi|Win32.ActiveCfg = opt-cuda-mkl-mpi|Win32
		{98608C16-F806-46BE-BDB4-77BA4023DC38}.opt-cuda-mkl-mpi|Win32.Build.0 = opt-cuda-mkl-mpi|Win32
		{98608C16-F806-46BE-BDB4-77BA4023DC38}.opt-cuda-mkl-mpi|x64.ActiveCfg = opt-cuda-mkl-mpi|x64
		{98608C16-F806-46BE-BDB4-77BA4023DC38}.opt-cuda-mkl-mpi|x64.Build.0 = opt-cuda-mkl-mpi|x64
		{98608C16-F806-46BE-BDB4-77BA4023DC38}.opt-cuda-mpi|Win32.ActiveCfg = opt-cuda-mpi|Win32
		{98608C16-F806-46BE-BDB4-77BA4023DC38}.opt-cuda-mpi|Win32.Build.0 = opt-cuda-mpi|Win32
		{98608C16-F806-46BE-BDB4-77BA4023DC38}.opt-cuda-mpi|x64.ActiveCfg = opt-cuda-mpi|x64
		{98608C16-F806-46BE-BDB4-77BA4023DC38}.opt-cuda-mpi|x64.Build.0 = opt-cuda-mpi|x64
		{98608C16-F806-46BE-BDB4-77BA4023DC38}.opt-mkl|Win32.ActiveCfg = opt-mkl|Win32
		{98608C16-F806-46BE-BDB4-77BA4023DC38}.opt-mkl|Win32.Build.0 = opt-mkl|Win32
		{98608C16-F806-46BE-BDB4-77BA4023DC38}.opt-mkl|x64.ActiveCfg = opt-mkl|x64
		{98608C16-F806-46BE-BDB4-77BA4023DC38}.opt-mkl|x64.Build.0 = opt-mkl|x64
		{98608C16-F806-46BE-BDB4-77BA4023DC38}.opt-mkl-mpi|Win32.ActiveCfg = opt-mkl-mpi|Win32
		{98608C16-F806-46BE-BDB4-77BA4023DC38}.opt-mkl-mpi|Win32.Build.0 = opt-mkl-mpi|Win32
		{98608C16-F806-46BE-BDB4-77BA4023DC38}.opt-mkl-mpi|x64.ActiveCfg = opt-mkl-mpi|x64
		{98608C16-F806-46BE-BDB4-77BA4023DC38}.opt-mkl-mpi|x64.Build.0 = opt-mkl-mpi|x64
		{98608C16-F806-46BE-BDB4-77BA4023DC38}.opt-mpi|Win32.ActiveCfg = opt-mpi|Win32
		{98608C16-F806-46BE-BDB4-77BA4023DC38}.opt-mpi|Win32.Build.0 = opt-mpi|Win32
		{98608C16-F806-46BE-BDB4-77BA4023DC38}.opt-mpi|x64.ActiveCfg = opt-mpi|x64
		{98608C16-F806-46BE-BDB4-77BA4023DC38}.opt-mpi|x64.Build.0 = opt-mpi|x64
	EndGlobalSection
	GlobalSection(SolutionProperties) = preSolution
		HideSolutionNode = FALSE
	EndGlobalSection
EndGlobal
