
Microsoft Visual Studio Solution File, Format Version 12.00
# Visual Studio Version 16
VisualStudioVersion = 16.0.28729.10
Project("{8BC9CEB8-8B4A-11D0-8D11-00A0C91BC942}") = "kernel-tests.vc16", "kernel-tests.vc16.vcxproj", "{1AAEDE40-225C-458D-8DE0-531D1E809C3B}"
EndProject
Project("{8BC9CEB8-8B4A-11D0-8D11-00A0C91BC942}") = "kernel.vc16", "kernel.vc16.vcxproj", "{98608C16-F806-46BE-BDB4-77BA4023DC38}"
EndProject
Global
	GlobalSection(SolutionConfigurationPlatforms) = preSolution
		dbg|x64 = dbg|x64
		dbg|x86 = dbg|x86
		dbg-cuda|x64 = dbg-cuda|x64
		dbg-cuda|x86 = dbg-cuda|x86
		dbg-mpi|x64 = dbg-mpi|x64
		dbg-mpi|x86 = dbg-mpi|x86
		opt|x64 = opt|x64
		opt|x86 = opt|x86
		opt-cuda|x64 = opt-cuda|x64
		opt-cuda|x86 = opt-cuda|x86
		opt-mpi|x64 = opt-mpi|x64
		opt-mpi|x86 = opt-mpi|x86
	EndGlobalSection
	GlobalSection(ProjectConfigurationPlatforms) = postSolution
		{1AAEDE40-225C-458D-8DE0-531D1E809C3B}.dbg|x64.ActiveCfg = dbg|x64
		{1AAEDE40-225C-458D-8DE0-531D1E809C3B}.dbg|x64.Build.0 = dbg|x64
		{1AAEDE40-225C-458D-8DE0-531D1E809C3B}.dbg|x86.ActiveCfg = dbg|Win32
		{1AAEDE40-225C-458D-8DE0-531D1E809C3B}.dbg|x86.Build.0 = dbg|Win32
		{1AAEDE40-225C-458D-8DE0-531D1E809C3B}.dbg-cuda|x64.ActiveCfg = dbg-cuda|x64
		{1AAEDE40-225C-458D-8DE0-531D1E809C3B}.dbg-cuda|x64.Build.0 = dbg-cuda|x64
		{1AAEDE40-225C-458D-8DE0-531D1E809C3B}.dbg-cuda|x86.ActiveCfg = dbg-cuda|Win32
		{1AAEDE40-225C-458D-8DE0-531D1E809C3B}.dbg-cuda|x86.Build.0 = dbg-cuda|Win32
		{1AAEDE40-225C-458D-8DE0-531D1E809C3B}.dbg-mpi|x64.ActiveCfg = dbg-mpi|x64
		{1AAEDE40-225C-458D-8DE0-531D1E809C3B}.dbg-mpi|x64.Build.0 = dbg-mpi|x64
		{1AAEDE40-225C-458D-8DE0-531D1E809C3B}.dbg-mpi|x86.ActiveCfg = dbg-mpi|Win32
		{1AAEDE40-225C-458D-8DE0-531D1E809C3B}.dbg-mpi|x86.Build.0 = dbg-mpi|Win32
		{1AAEDE40-225C-458D-8DE0-531D1E809C3B}.opt|x64.ActiveCfg = opt|x64
		{1AAEDE40-225C-458D-8DE0-531D1E809C3B}.opt|x64.Build.0 = opt|x64
		{1AAEDE40-225C-458D-8DE0-531D1E809C3B}.opt|x86.ActiveCfg = opt|Win32
		{1AAEDE40-225C-458D-8DE0-531D1E809C3B}.opt|x86.Build.0 = opt|Win32
		{1AAEDE40-225C-458D-8DE0-531D1E809C3B}.opt-cuda|x64.ActiveCfg = opt-cuda|x64
		{1AAEDE40-225C-458D-8DE0-531D1E809C3B}.opt-cuda|x64.Build.0 = opt-cuda|x64
		{1AAEDE40-225C-458D-8DE0-531D1E809C3B}.opt-cuda|x86.ActiveCfg = opt-cuda|Win32
		{1AAEDE40-225C-458D-8DE0-531D1E809C3B}.opt-cuda|x86.Build.0 = opt-cuda|Win32
		{1AAEDE40-225C-458D-8DE0-531D1E809C3B}.opt-mpi|x64.ActiveCfg = opt-mpi|x64
		{1AAEDE40-225C-458D-8DE0-531D1E809C3B}.opt-mpi|x64.Build.0 = opt-mpi|x64
		{1AAEDE40-225C-458D-8DE0-531D1E809C3B}.opt-mpi|x86.ActiveCfg = opt-mpi|Win32
		{1AAEDE40-225C-458D-8DE0-531D1E809C3B}.opt-mpi|x86.Build.0 = opt-mpi|Win32
		{98608C16-F806-46BE-BDB4-77BA4023DC38}.dbg|x64.ActiveCfg = dbg|x64
		{98608C16-F806-46BE-BDB4-77BA4023DC38}.dbg|x64.Build.0 = dbg|x64
		{98608C16-F806-46BE-BDB4-77BA4023DC38}.dbg|x86.ActiveCfg = dbg|Win32
		{98608C16-F806-46BE-BDB4-77BA4023DC38}.dbg|x86.Build.0 = dbg|Win32
		{98608C16-F806-46BE-BDB4-77BA4023DC38}.dbg-cuda|x64.ActiveCfg = dbg-cuda|x64
		{98608C16-F806-46BE-BDB4-77BA4023DC38}.dbg-cuda|x64.Build.0 = dbg-cuda|x64
		{98608C16-F806-46BE-BDB4-77BA4023DC38}.dbg-cuda|x86.ActiveCfg = dbg-cuda|Win32
		{98608C16-F806-46BE-BDB4-77BA4023DC38}.dbg-cuda|x86.Build.0 = dbg-cuda|Win32
		{98608C16-F806-46BE-BDB4-77BA4023DC38}.dbg-mpi|x64.ActiveCfg = dbg-mpi|x64
		{98608C16-F806-46BE-BDB4-77BA4023DC38}.dbg-mpi|x64.Build.0 = dbg-mpi|x64
		{98608C16-F806-46BE-BDB4-77BA4023DC38}.dbg-mpi|x86.ActiveCfg = dbg-mpi|Win32
		{98608C16-F806-46BE-BDB4-77BA4023DC38}.dbg-mpi|x86.Build.0 = dbg-mpi|Win32
		{98608C16-F806-46BE-BDB4-77BA4023DC38}.opt|x64.ActiveCfg = opt|x64
		{98608C16-F806-46BE-BDB4-77BA4023DC38}.opt|x64.Build.0 = opt|x64
		{98608C16-F806-46BE-BDB4-77BA4023DC38}.opt|x86.ActiveCfg = opt|Win32
		{98608C16-F806-46BE-BDB4-77BA4023DC38}.opt|x86.Build.0 = opt|Win32
		{98608C16-F806-46BE-BDB4-77BA4023DC38}.opt-cuda|x64.ActiveCfg = opt-cuda|x64
		{98608C16-F806-46BE-BDB4-77BA4023DC38}.opt-cuda|x64.Build.0 = opt-cuda|x64
		{98608C16-F806-46BE-BDB4-77BA4023DC38}.opt-cuda|x86.ActiveCfg = opt-cuda|Win32
		{98608C16-F806-46BE-BDB4-77BA4023DC38}.opt-cuda|x86.Build.0 = opt-cuda|Win32
		{98608C16-F806-46BE-BDB4-77BA4023DC38}.opt-mpi|x64.ActiveCfg = opt-mpi|x64
		{98608C16-F806-46BE-BDB4-77BA4023DC38}.opt-mpi|x64.Build.0 = opt-mpi|x64
		{98608C16-F806-46BE-BDB4-77BA4023DC38}.opt-mpi|x86.ActiveCfg = opt-mpi|Win32
		{98608C16-F806-46BE-BDB4-77BA4023DC38}.opt-mpi|x86.Build.0 = opt-mpi|Win32
	EndGlobalSection
	GlobalSection(SolutionProperties) = preSolution
		HideSolutionNode = FALSE
	EndGlobalSection
EndGlobal
